// !$*UTF8*$!
{
	archiveVersion = 1;
	classes = {
	};
	objectVersion = 50;
	objects = {

/* Begin PBXBuildFile section */
		2334F49822CB185C00CDED35 /* AppDelegate.swift in Sources */ = {isa = PBXBuildFile; fileRef = 2334F49722CB185C00CDED35 /* AppDelegate.swift */; };
		2334F49A22CB185C00CDED35 /* ViewController.swift in Sources */ = {isa = PBXBuildFile; fileRef = 2334F49922CB185C00CDED35 /* ViewController.swift */; };
		2334F49D22CB185C00CDED35 /* Main.storyboard in Resources */ = {isa = PBXBuildFile; fileRef = 2334F49B22CB185C00CDED35 /* Main.storyboard */; };
		2334F49F22CB185E00CDED35 /* Assets.xcassets in Resources */ = {isa = PBXBuildFile; fileRef = 2334F49E22CB185E00CDED35 /* Assets.xcassets */; };
		2334F4A222CB185E00CDED35 /* LaunchScreen.storyboard in Resources */ = {isa = PBXBuildFile; fileRef = 2334F4A022CB185E00CDED35 /* LaunchScreen.storyboard */; };
		2334F4AD22CB185E00CDED35 /* FSCalendarJul209Tests.swift in Sources */ = {isa = PBXBuildFile; fileRef = 2334F4AC22CB185E00CDED35 /* FSCalendarJul209Tests.swift */; };
		2334F4B822CB185E00CDED35 /* FSCalendarJul209UITests.swift in Sources */ = {isa = PBXBuildFile; fileRef = 2334F4B722CB185E00CDED35 /* FSCalendarJul209UITests.swift */; };
		235E635E26EC9CE8FA06268A /* Pods_FSCalendarJul209.framework in Frameworks */ = {isa = PBXBuildFile; fileRef = 7D56480FD8C70C41C644A67B /* Pods_FSCalendarJul209.framework */; };
		38B58F93F05CF052A260A525 /* Pods_FSCalendarJul209Tests.framework in Frameworks */ = {isa = PBXBuildFile; fileRef = F6E0E516A9BCC48A4EBB054F /* Pods_FSCalendarJul209Tests.framework */; };
		E208DD1D994A99CB293FF990 /* Pods_FSCalendarJul209UITests.framework in Frameworks */ = {isa = PBXBuildFile; fileRef = 29E20A13C59E2C68765E9C7D /* Pods_FSCalendarJul209UITests.framework */; };
/* End PBXBuildFile section */

/* Begin PBXContainerItemProxy section */
		2334F4A922CB185E00CDED35 /* PBXContainerItemProxy */ = {
			isa = PBXContainerItemProxy;
			containerPortal = 2334F48C22CB185C00CDED35 /* Project object */;
			proxyType = 1;
			remoteGlobalIDString = 2334F49322CB185C00CDED35;
			remoteInfo = FSCalendarJul209;
		};
		2334F4B422CB185E00CDED35 /* PBXContainerItemProxy */ = {
			isa = PBXContainerItemProxy;
			containerPortal = 2334F48C22CB185C00CDED35 /* Project object */;
			proxyType = 1;
			remoteGlobalIDString = 2334F49322CB185C00CDED35;
			remoteInfo = FSCalendarJul209;
		};
/* End PBXContainerItemProxy section */

/* Begin PBXFileReference section */
		2334F49422CB185C00CDED35 /* FSCalendarJul209.app */ = {isa = PBXFileReference; explicitFileType = wrapper.application; includeInIndex = 0; path = FSCalendarJul209.app; sourceTree = BUILT_PRODUCTS_DIR; };
		2334F49722CB185C00CDED35 /* AppDelegate.swift */ = {isa = PBXFileReference; lastKnownFileType = sourcecode.swift; path = AppDelegate.swift; sourceTree = "<group>"; };
		2334F49922CB185C00CDED35 /* ViewController.swift */ = {isa = PBXFileReference; lastKnownFileType = sourcecode.swift; path = ViewController.swift; sourceTree = "<group>"; };
		2334F49C22CB185C00CDED35 /* Base */ = {isa = PBXFileReference; lastKnownFileType = file.storyboard; name = Base; path = Base.lproj/Main.storyboard; sourceTree = "<group>"; };
		2334F49E22CB185E00CDED35 /* Assets.xcassets */ = {isa = PBXFileReference; lastKnownFileType = folder.assetcatalog; path = Assets.xcassets; sourceTree = "<group>"; };
		2334F4A122CB185E00CDED35 /* Base */ = {isa = PBXFileReference; lastKnownFileType = file.storyboard; name = Base; path = Base.lproj/LaunchScreen.storyboard; sourceTree = "<group>"; };
		2334F4A322CB185E00CDED35 /* Info.plist */ = {isa = PBXFileReference; lastKnownFileType = text.plist.xml; path = Info.plist; sourceTree = "<group>"; };
		2334F4A822CB185E00CDED35 /* FSCalendarJul209Tests.xctest */ = {isa = PBXFileReference; explicitFileType = wrapper.cfbundle; includeInIndex = 0; path = FSCalendarJul209Tests.xctest; sourceTree = BUILT_PRODUCTS_DIR; };
		2334F4AC22CB185E00CDED35 /* FSCalendarJul209Tests.swift */ = {isa = PBXFileReference; lastKnownFileType = sourcecode.swift; path = FSCalendarJul209Tests.swift; sourceTree = "<group>"; };
		2334F4AE22CB185E00CDED35 /* Info.plist */ = {isa = PBXFileReference; lastKnownFileType = text.plist.xml; path = Info.plist; sourceTree = "<group>"; };
		2334F4B322CB185E00CDED35 /* FSCalendarJul209UITests.xctest */ = {isa = PBXFileReference; explicitFileType = wrapper.cfbundle; includeInIndex = 0; path = FSCalendarJul209UITests.xctest; sourceTree = BUILT_PRODUCTS_DIR; };
		2334F4B722CB185E00CDED35 /* FSCalendarJul209UITests.swift */ = {isa = PBXFileReference; lastKnownFileType = sourcecode.swift; path = FSCalendarJul209UITests.swift; sourceTree = "<group>"; };
		2334F4B922CB185E00CDED35 /* Info.plist */ = {isa = PBXFileReference; lastKnownFileType = text.plist.xml; path = Info.plist; sourceTree = "<group>"; };
		29E20A13C59E2C68765E9C7D /* Pods_FSCalendarJul209UITests.framework */ = {isa = PBXFileReference; explicitFileType = wrapper.framework; includeInIndex = 0; path = Pods_FSCalendarJul209UITests.framework; sourceTree = BUILT_PRODUCTS_DIR; };
		3698C441ED3994D62D1DD76A /* Pods-FSCalendarJul209.release.xcconfig */ = {isa = PBXFileReference; includeInIndex = 1; lastKnownFileType = text.xcconfig; name = "Pods-FSCalendarJul209.release.xcconfig"; path = "Target Support Files/Pods-FSCalendarJul209/Pods-FSCalendarJul209.release.xcconfig"; sourceTree = "<group>"; };
		56086C2E00C17369F47F5DD9 /* Pods-FSCalendarJul209Tests.debug.xcconfig */ = {isa = PBXFileReference; includeInIndex = 1; lastKnownFileType = text.xcconfig; name = "Pods-FSCalendarJul209Tests.debug.xcconfig"; path = "Target Support Files/Pods-FSCalendarJul209Tests/Pods-FSCalendarJul209Tests.debug.xcconfig"; sourceTree = "<group>"; };
		5DD0CEC9D59C3590EBC97AFF /* Pods-FSCalendarJul209UITests.release.xcconfig */ = {isa = PBXFileReference; includeInIndex = 1; lastKnownFileType = text.xcconfig; name = "Pods-FSCalendarJul209UITests.release.xcconfig"; path = "Target Support Files/Pods-FSCalendarJul209UITests/Pods-FSCalendarJul209UITests.release.xcconfig"; sourceTree = "<group>"; };
		69E73CC471393E628C5B2D6E /* Pods-FSCalendarJul209UITests.debug.xcconfig */ = {isa = PBXFileReference; includeInIndex = 1; lastKnownFileType = text.xcconfig; name = "Pods-FSCalendarJul209UITests.debug.xcconfig"; path = "Target Support Files/Pods-FSCalendarJul209UITests/Pods-FSCalendarJul209UITests.debug.xcconfig"; sourceTree = "<group>"; };
		7D56480FD8C70C41C644A67B /* Pods_FSCalendarJul209.framework */ = {isa = PBXFileReference; explicitFileType = wrapper.framework; includeInIndex = 0; path = Pods_FSCalendarJul209.framework; sourceTree = BUILT_PRODUCTS_DIR; };
		A1026B3C8C4A74DCB3BB57E1 /* Pods-FSCalendarJul209Tests.release.xcconfig */ = {isa = PBXFileReference; includeInIndex = 1; lastKnownFileType = text.xcconfig; name = "Pods-FSCalendarJul209Tests.release.xcconfig"; path = "Target Support Files/Pods-FSCalendarJul209Tests/Pods-FSCalendarJul209Tests.release.xcconfig"; sourceTree = "<group>"; };
		B9671DD17FEB4B9D2BD179DE /* Pods-FSCalendarJul209.debug.xcconfig */ = {isa = PBXFileReference; includeInIndex = 1; lastKnownFileType = text.xcconfig; name = "Pods-FSCalendarJul209.debug.xcconfig"; path = "Target Support Files/Pods-FSCalendarJul209/Pods-FSCalendarJul209.debug.xcconfig"; sourceTree = "<group>"; };
		F6E0E516A9BCC48A4EBB054F /* Pods_FSCalendarJul209Tests.framework */ = {isa = PBXFileReference; explicitFileType = wrapper.framework; includeInIndex = 0; path = Pods_FSCalendarJul209Tests.framework; sourceTree = BUILT_PRODUCTS_DIR; };
/* End PBXFileReference section */

/* Begin PBXFrameworksBuildPhase section */
		2334F49122CB185C00CDED35 /* Frameworks */ = {
			isa = PBXFrameworksBuildPhase;
			buildActionMask = 2147483647;
			files = (
				235E635E26EC9CE8FA06268A /* Pods_FSCalendarJul209.framework in Frameworks */,
			);
			runOnlyForDeploymentPostprocessing = 0;
		};
		2334F4A522CB185E00CDED35 /* Frameworks */ = {
			isa = PBXFrameworksBuildPhase;
			buildActionMask = 2147483647;
			files = (
				38B58F93F05CF052A260A525 /* Pods_FSCalendarJul209Tests.framework in Frameworks */,
			);
			runOnlyForDeploymentPostprocessing = 0;
		};
		2334F4B022CB185E00CDED35 /* Frameworks */ = {
			isa = PBXFrameworksBuildPhase;
			buildActionMask = 2147483647;
			files = (
				E208DD1D994A99CB293FF990 /* Pods_FSCalendarJul209UITests.framework in Frameworks */,
			);
			runOnlyForDeploymentPostprocessing = 0;
		};
/* End PBXFrameworksBuildPhase section */

/* Begin PBXGroup section */
		2334F48B22CB185C00CDED35 = {
			isa = PBXGroup;
			children = (
				2334F49622CB185C00CDED35 /* FSCalendarJul209 */,
				2334F4AB22CB185E00CDED35 /* FSCalendarJul209Tests */,
				2334F4B622CB185E00CDED35 /* FSCalendarJul209UITests */,
				2334F49522CB185C00CDED35 /* Products */,
				F9B13A0091DC4D33D16B6602 /* Pods */,
				F6B80355B3082DF6AE5B3478 /* Frameworks */,
			);
			sourceTree = "<group>";
		};
		2334F49522CB185C00CDED35 /* Products */ = {
			isa = PBXGroup;
			children = (
				2334F49422CB185C00CDED35 /* FSCalendarJul209.app */,
				2334F4A822CB185E00CDED35 /* FSCalendarJul209Tests.xctest */,
				2334F4B322CB185E00CDED35 /* FSCalendarJul209UITests.xctest */,
			);
			name = Products;
			sourceTree = "<group>";
		};
		2334F49622CB185C00CDED35 /* FSCalendarJul209 */ = {
			isa = PBXGroup;
			children = (
				2334F49722CB185C00CDED35 /* AppDelegate.swift */,
				2334F49922CB185C00CDED35 /* ViewController.swift */,
				2334F49B22CB185C00CDED35 /* Main.storyboard */,
				2334F49E22CB185E00CDED35 /* Assets.xcassets */,
				2334F4A022CB185E00CDED35 /* LaunchScreen.storyboard */,
				2334F4A322CB185E00CDED35 /* Info.plist */,
			);
			path = FSCalendarJul209;
			sourceTree = "<group>";
		};
		2334F4AB22CB185E00CDED35 /* FSCalendarJul209Tests */ = {
			isa = PBXGroup;
			children = (
				2334F4AC22CB185E00CDED35 /* FSCalendarJul209Tests.swift */,
				2334F4AE22CB185E00CDED35 /* Info.plist */,
			);
			path = FSCalendarJul209Tests;
			sourceTree = "<group>";
		};
		2334F4B622CB185E00CDED35 /* FSCalendarJul209UITests */ = {
			isa = PBXGroup;
			children = (
				2334F4B722CB185E00CDED35 /* FSCalendarJul209UITests.swift */,
				2334F4B922CB185E00CDED35 /* Info.plist */,
			);
			path = FSCalendarJul209UITests;
			sourceTree = "<group>";
		};
		F6B80355B3082DF6AE5B3478 /* Frameworks */ = {
			isa = PBXGroup;
			children = (
				7D56480FD8C70C41C644A67B /* Pods_FSCalendarJul209.framework */,
				F6E0E516A9BCC48A4EBB054F /* Pods_FSCalendarJul209Tests.framework */,
				29E20A13C59E2C68765E9C7D /* Pods_FSCalendarJul209UITests.framework */,
			);
			name = Frameworks;
			sourceTree = "<group>";
		};
		F9B13A0091DC4D33D16B6602 /* Pods */ = {
			isa = PBXGroup;
			children = (
				B9671DD17FEB4B9D2BD179DE /* Pods-FSCalendarJul209.debug.xcconfig */,
				3698C441ED3994D62D1DD76A /* Pods-FSCalendarJul209.release.xcconfig */,
				56086C2E00C17369F47F5DD9 /* Pods-FSCalendarJul209Tests.debug.xcconfig */,
				A1026B3C8C4A74DCB3BB57E1 /* Pods-FSCalendarJul209Tests.release.xcconfig */,
				69E73CC471393E628C5B2D6E /* Pods-FSCalendarJul209UITests.debug.xcconfig */,
				5DD0CEC9D59C3590EBC97AFF /* Pods-FSCalendarJul209UITests.release.xcconfig */,
			);
			name = Pods;
			path = Pods;
			sourceTree = "<group>";
		};
/* End PBXGroup section */

/* Begin PBXNativeTarget section */
		2334F49322CB185C00CDED35 /* FSCalendarJul209 */ = {
			isa = PBXNativeTarget;
			buildConfigurationList = 2334F4BC22CB185E00CDED35 /* Build configuration list for PBXNativeTarget "FSCalendarJul209" */;
			buildPhases = (
				2FA226276F68A9995D8EB7D5 /* [CP] Check Pods Manifest.lock */,
				2334F49022CB185C00CDED35 /* Sources */,
				2334F49122CB185C00CDED35 /* Frameworks */,
				2334F49222CB185C00CDED35 /* Resources */,
				594928D8ECDAC0BBDE9AAEAA /* [CP] Embed Pods Frameworks */,
			);
			buildRules = (
			);
			dependencies = (
			);
			name = FSCalendarJul209;
			productName = FSCalendarJul209;
			productReference = 2334F49422CB185C00CDED35 /* FSCalendarJul209.app */;
			productType = "com.apple.product-type.application";
		};
		2334F4A722CB185E00CDED35 /* FSCalendarJul209Tests */ = {
			isa = PBXNativeTarget;
			buildConfigurationList = 2334F4BF22CB185E00CDED35 /* Build configuration list for PBXNativeTarget "FSCalendarJul209Tests" */;
			buildPhases = (
				653B795C63A7BACD4A12486F /* [CP] Check Pods Manifest.lock */,
				2334F4A422CB185E00CDED35 /* Sources */,
				2334F4A522CB185E00CDED35 /* Frameworks */,
				2334F4A622CB185E00CDED35 /* Resources */,
			);
			buildRules = (
			);
			dependencies = (
				2334F4AA22CB185E00CDED35 /* PBXTargetDependency */,
			);
			name = FSCalendarJul209Tests;
			productName = FSCalendarJul209Tests;
			productReference = 2334F4A822CB185E00CDED35 /* FSCalendarJul209Tests.xctest */;
			productType = "com.apple.product-type.bundle.unit-test";
		};
		2334F4B222CB185E00CDED35 /* FSCalendarJul209UITests */ = {
			isa = PBXNativeTarget;
			buildConfigurationList = 2334F4C222CB185E00CDED35 /* Build configuration list for PBXNativeTarget "FSCalendarJul209UITests" */;
			buildPhases = (
				DD56A6987E781763983F5847 /* [CP] Check Pods Manifest.lock */,
				2334F4AF22CB185E00CDED35 /* Sources */,
				2334F4B022CB185E00CDED35 /* Frameworks */,
				2334F4B122CB185E00CDED35 /* Resources */,
			);
			buildRules = (
			);
			dependencies = (
				2334F4B522CB185E00CDED35 /* PBXTargetDependency */,
			);
			name = FSCalendarJul209UITests;
			productName = FSCalendarJul209UITests;
			productReference = 2334F4B322CB185E00CDED35 /* FSCalendarJul209UITests.xctest */;
			productType = "com.apple.product-type.bundle.ui-testing";
		};
/* End PBXNativeTarget section */

/* Begin PBXProject section */
		2334F48C22CB185C00CDED35 /* Project object */ = {
			isa = PBXProject;
			attributes = {
				LastSwiftUpdateCheck = 1020;
				LastUpgradeCheck = 1020;
				ORGANIZATIONNAME = "Zin Lin Htet Naing";
				TargetAttributes = {
					2334F49322CB185C00CDED35 = {
						CreatedOnToolsVersion = 10.2.1;
					};
					2334F4A722CB185E00CDED35 = {
						CreatedOnToolsVersion = 10.2.1;
						TestTargetID = 2334F49322CB185C00CDED35;
					};
					2334F4B222CB185E00CDED35 = {
						CreatedOnToolsVersion = 10.2.1;
						TestTargetID = 2334F49322CB185C00CDED35;
					};
				};
			};
			buildConfigurationList = 2334F48F22CB185C00CDED35 /* Build configuration list for PBXProject "FSCalendarJul209" */;
			compatibilityVersion = "Xcode 9.3";
			developmentRegion = en;
			hasScannedForEncodings = 0;
			knownRegions = (
				en,
				Base,
			);
			mainGroup = 2334F48B22CB185C00CDED35;
			productRefGroup = 2334F49522CB185C00CDED35 /* Products */;
			projectDirPath = "";
			projectRoot = "";
			targets = (
				2334F49322CB185C00CDED35 /* FSCalendarJul209 */,
				2334F4A722CB185E00CDED35 /* FSCalendarJul209Tests */,
				2334F4B222CB185E00CDED35 /* FSCalendarJul209UITests */,
			);
		};
/* End PBXProject section */

/* Begin PBXResourcesBuildPhase section */
		2334F49222CB185C00CDED35 /* Resources */ = {
			isa = PBXResourcesBuildPhase;
			buildActionMask = 2147483647;
			files = (
				2334F4A222CB185E00CDED35 /* LaunchScreen.storyboard in Resources */,
				2334F49F22CB185E00CDED35 /* Assets.xcassets in Resources */,
				2334F49D22CB185C00CDED35 /* Main.storyboard in Resources */,
			);
			runOnlyForDeploymentPostprocessing = 0;
		};
		2334F4A622CB185E00CDED35 /* Resources */ = {
			isa = PBXResourcesBuildPhase;
			buildActionMask = 2147483647;
			files = (
			);
			runOnlyForDeploymentPostprocessing = 0;
		};
		2334F4B122CB185E00CDED35 /* Resources */ = {
			isa = PBXResourcesBuildPhase;
			buildActionMask = 2147483647;
			files = (
			);
			runOnlyForDeploymentPostprocessing = 0;
		};
/* End PBXResourcesBuildPhase section */

/* Begin PBXShellScriptBuildPhase section */
		2FA226276F68A9995D8EB7D5 /* [CP] Check Pods Manifest.lock */ = {
			isa = PBXShellScriptBuildPhase;
			buildActionMask = 2147483647;
			files = (
			);
			inputFileListPaths = (
			);
			inputPaths = (
				"${PODS_PODFILE_DIR_PATH}/Podfile.lock",
				"${PODS_ROOT}/Manifest.lock",
			);
			name = "[CP] Check Pods Manifest.lock";
			outputFileListPaths = (
			);
			outputPaths = (
				"$(DERIVED_FILE_DIR)/Pods-FSCalendarJul209-checkManifestLockResult.txt",
			);
			runOnlyForDeploymentPostprocessing = 0;
			shellPath = /bin/sh;
			shellScript = "diff \"${PODS_PODFILE_DIR_PATH}/Podfile.lock\" \"${PODS_ROOT}/Manifest.lock\" > /dev/null\nif [ $? != 0 ] ; then\n    # print error to STDERR\n    echo \"error: The sandbox is not in sync with the Podfile.lock. Run 'pod install' or update your CocoaPods installation.\" >&2\n    exit 1\nfi\n# This output is used by Xcode 'outputs' to avoid re-running this script phase.\necho \"SUCCESS\" > \"${SCRIPT_OUTPUT_FILE_0}\"\n";
			showEnvVarsInLog = 0;
		};
		594928D8ECDAC0BBDE9AAEAA /* [CP] Embed Pods Frameworks */ = {
			isa = PBXShellScriptBuildPhase;
			buildActionMask = 2147483647;
			files = (
			);
			inputFileListPaths = (
				"${PODS_ROOT}/Target Support Files/Pods-FSCalendarJul209/Pods-FSCalendarJul209-frameworks-${CONFIGURATION}-input-files.xcfilelist",
			);
			name = "[CP] Embed Pods Frameworks";
			outputFileListPaths = (
				"${PODS_ROOT}/Target Support Files/Pods-FSCalendarJul209/Pods-FSCalendarJul209-frameworks-${CONFIGURATION}-output-files.xcfilelist",
			);
			runOnlyForDeploymentPostprocessing = 0;
			shellPath = /bin/sh;
			shellScript = "\"${PODS_ROOT}/Target Support Files/Pods-FSCalendarJul209/Pods-FSCalendarJul209-frameworks.sh\"\n";
			showEnvVarsInLog = 0;
		};
		653B795C63A7BACD4A12486F /* [CP] Check Pods Manifest.lock */ = {
			isa = PBXShellScriptBuildPhase;
			buildActionMask = 2147483647;
			files = (
			);
			inputFileListPaths = (
			);
			inputPaths = (
				"${PODS_PODFILE_DIR_PATH}/Podfile.lock",
				"${PODS_ROOT}/Manifest.lock",
			);
			name = "[CP] Check Pods Manifest.lock";
			outputFileListPaths = (
			);
			outputPaths = (
				"$(DERIVED_FILE_DIR)/Pods-FSCalendarJul209Tests-checkManifestLockResult.txt",
			);
			runOnlyForDeploymentPostprocessing = 0;
			shellPath = /bin/sh;
			shellScript = "diff \"${PODS_PODFILE_DIR_PATH}/Podfile.lock\" \"${PODS_ROOT}/Manifest.lock\" > /dev/null\nif [ $? != 0 ] ; then\n    # print error to STDERR\n    echo \"error: The sandbox is not in sync with the Podfile.lock. Run 'pod install' or update your CocoaPods installation.\" >&2\n    exit 1\nfi\n# This output is used by Xcode 'outputs' to avoid re-running this script phase.\necho \"SUCCESS\" > \"${SCRIPT_OUTPUT_FILE_0}\"\n";
			showEnvVarsInLog = 0;
		};
		DD56A6987E781763983F5847 /* [CP] Check Pods Manifest.lock */ = {
			isa = PBXShellScriptBuildPhase;
			buildActionMask = 2147483647;
			files = (
			);
			inputFileListPaths = (
			);
			inputPaths = (
				"${PODS_PODFILE_DIR_PATH}/Podfile.lock",
				"${PODS_ROOT}/Manifest.lock",
			);
			name = "[CP] Check Pods Manifest.lock";
			outputFileListPaths = (
			);
			outputPaths = (
				"$(DERIVED_FILE_DIR)/Pods-FSCalendarJul209UITests-checkManifestLockResult.txt",
			);
			runOnlyForDeploymentPostprocessing = 0;
			shellPath = /bin/sh;
			shellScript = "diff \"${PODS_PODFILE_DIR_PATH}/Podfile.lock\" \"${PODS_ROOT}/Manifest.lock\" > /dev/null\nif [ $? != 0 ] ; then\n    # print error to STDERR\n    echo \"error: The sandbox is not in sync with the Podfile.lock. Run 'pod install' or update your CocoaPods installation.\" >&2\n    exit 1\nfi\n# This output is used by Xcode 'outputs' to avoid re-running this script phase.\necho \"SUCCESS\" > \"${SCRIPT_OUTPUT_FILE_0}\"\n";
			showEnvVarsInLog = 0;
		};
/* End PBXShellScriptBuildPhase section */

/* Begin PBXSourcesBuildPhase section */
		2334F49022CB185C00CDED35 /* Sources */ = {
			isa = PBXSourcesBuildPhase;
			buildActionMask = 2147483647;
			files = (
				2334F49A22CB185C00CDED35 /* ViewController.swift in Sources */,
				2334F49822CB185C00CDED35 /* AppDelegate.swift in Sources */,
			);
			runOnlyForDeploymentPostprocessing = 0;
		};
		2334F4A422CB185E00CDED35 /* Sources */ = {
			isa = PBXSourcesBuildPhase;
			buildActionMask = 2147483647;
			files = (
				2334F4AD22CB185E00CDED35 /* FSCalendarJul209Tests.swift in Sources */,
			);
			runOnlyForDeploymentPostprocessing = 0;
		};
		2334F4AF22CB185E00CDED35 /* Sources */ = {
			isa = PBXSourcesBuildPhase;
			buildActionMask = 2147483647;
			files = (
				2334F4B822CB185E00CDED35 /* FSCalendarJul209UITests.swift in Sources */,
			);
			runOnlyForDeploymentPostprocessing = 0;
		};
/* End PBXSourcesBuildPhase section */

/* Begin PBXTargetDependency section */
		2334F4AA22CB185E00CDED35 /* PBXTargetDependency */ = {
			isa = PBXTargetDependency;
			target = 2334F49322CB185C00CDED35 /* FSCalendarJul209 */;
			targetProxy = 2334F4A922CB185E00CDED35 /* PBXContainerItemProxy */;
		};
		2334F4B522CB185E00CDED35 /* PBXTargetDependency */ = {
			isa = PBXTargetDependency;
			target = 2334F49322CB185C00CDED35 /* FSCalendarJul209 */;
			targetProxy = 2334F4B422CB185E00CDED35 /* PBXContainerItemProxy */;
		};
/* End PBXTargetDependency section */

/* Begin PBXVariantGroup section */
		2334F49B22CB185C00CDED35 /* Main.storyboard */ = {
			isa = PBXVariantGroup;
			children = (
				2334F49C22CB185C00CDED35 /* Base */,
			);
			name = Main.storyboard;
			sourceTree = "<group>";
		};
		2334F4A022CB185E00CDED35 /* LaunchScreen.storyboard */ = {
			isa = PBXVariantGroup;
			children = (
				2334F4A122CB185E00CDED35 /* Base */,
			);
			name = LaunchScreen.storyboard;
			sourceTree = "<group>";
		};
/* End PBXVariantGroup section */

/* Begin XCBuildConfiguration section */
		2334F4BA22CB185E00CDED35 /* Debug */ = {
			isa = XCBuildConfiguration;
			buildSettings = {
				ALWAYS_SEARCH_USER_PATHS = NO;
				CLANG_ANALYZER_NONNULL = YES;
				CLANG_ANALYZER_NUMBER_OBJECT_CONVERSION = YES_AGGRESSIVE;
				CLANG_CXX_LANGUAGE_STANDARD = "gnu++14";
				CLANG_CXX_LIBRARY = "libc++";
				CLANG_ENABLE_MODULES = YES;
				CLANG_ENABLE_OBJC_ARC = YES;
				CLANG_ENABLE_OBJC_WEAK = YES;
				CLANG_WARN_BLOCK_CAPTURE_AUTORELEASING = YES;
				CLANG_WARN_BOOL_CONVERSION = YES;
				CLANG_WARN_COMMA = YES;
				CLANG_WARN_CONSTANT_CONVERSION = YES;
				CLANG_WARN_DEPRECATED_OBJC_IMPLEMENTATIONS = YES;
				CLANG_WARN_DIRECT_OBJC_ISA_USAGE = YES_ERROR;
				CLANG_WARN_DOCUMENTATION_COMMENTS = YES;
				CLANG_WARN_EMPTY_BODY = YES;
				CLANG_WARN_ENUM_CONVERSION = YES;
				CLANG_WARN_INFINITE_RECURSION = YES;
				CLANG_WARN_INT_CONVERSION = YES;
				CLANG_WARN_NON_LITERAL_NULL_CONVERSION = YES;
				CLANG_WARN_OBJC_IMPLICIT_RETAIN_SELF = YES;
				CLANG_WARN_OBJC_LITERAL_CONVERSION = YES;
				CLANG_WARN_OBJC_ROOT_CLASS = YES_ERROR;
				CLANG_WARN_RANGE_LOOP_ANALYSIS = YES;
				CLANG_WARN_STRICT_PROTOTYPES = YES;
				CLANG_WARN_SUSPICIOUS_MOVE = YES;
				CLANG_WARN_UNGUARDED_AVAILABILITY = YES_AGGRESSIVE;
				CLANG_WARN_UNREACHABLE_CODE = YES;
				CLANG_WARN__DUPLICATE_METHOD_MATCH = YES;
				CODE_SIGN_IDENTITY = "iPhone Developer";
				COPY_PHASE_STRIP = NO;
				DEBUG_INFORMATION_FORMAT = dwarf;
				ENABLE_STRICT_OBJC_MSGSEND = YES;
				ENABLE_TESTABILITY = YES;
				GCC_C_LANGUAGE_STANDARD = gnu11;
				GCC_DYNAMIC_NO_PIC = NO;
				GCC_NO_COMMON_BLOCKS = YES;
				GCC_OPTIMIZATION_LEVEL = 0;
				GCC_PREPROCESSOR_DEFINITIONS = (
					"DEBUG=1",
					"$(inherited)",
				);
				GCC_WARN_64_TO_32_BIT_CONVERSION = YES;
				GCC_WARN_ABOUT_RETURN_TYPE = YES_ERROR;
				GCC_WARN_UNDECLARED_SELECTOR = YES;
				GCC_WARN_UNINITIALIZED_AUTOS = YES_AGGRESSIVE;
				GCC_WARN_UNUSED_FUNCTION = YES;
				GCC_WARN_UNUSED_VARIABLE = YES;
				IPHONEOS_DEPLOYMENT_TARGET = 12.2;
				MTL_ENABLE_DEBUG_INFO = INCLUDE_SOURCE;
				MTL_FAST_MATH = YES;
				ONLY_ACTIVE_ARCH = YES;
				SDKROOT = iphoneos;
				SWIFT_ACTIVE_COMPILATION_CONDITIONS = DEBUG;
				SWIFT_OPTIMIZATION_LEVEL = "-Onone";
			};
			name = Debug;
		};
		2334F4BB22CB185E00CDED35 /* Release */ = {
			isa = XCBuildConfiguration;
			buildSettings = {
				ALWAYS_SEARCH_USER_PATHS = NO;
				CLANG_ANALYZER_NONNULL = YES;
				CLANG_ANALYZER_NUMBER_OBJECT_CONVERSION = YES_AGGRESSIVE;
				CLANG_CXX_LANGUAGE_STANDARD = "gnu++14";
				CLANG_CXX_LIBRARY = "libc++";
				CLANG_ENABLE_MODULES = YES;
				CLANG_ENABLE_OBJC_ARC = YES;
				CLANG_ENABLE_OBJC_WEAK = YES;
				CLANG_WARN_BLOCK_CAPTURE_AUTORELEASING = YES;
				CLANG_WARN_BOOL_CONVERSION = YES;
				CLANG_WARN_COMMA = YES;
				CLANG_WARN_CONSTANT_CONVERSION = YES;
				CLANG_WARN_DEPRECATED_OBJC_IMPLEMENTATIONS = YES;
				CLANG_WARN_DIRECT_OBJC_ISA_USAGE = YES_ERROR;
				CLANG_WARN_DOCUMENTATION_COMMENTS = YES;
				CLANG_WARN_EMPTY_BODY = YES;
				CLANG_WARN_ENUM_CONVERSION = YES;
				CLANG_WARN_INFINITE_RECURSION = YES;
				CLANG_WARN_INT_CONVERSION = YES;
				CLANG_WARN_NON_LITERAL_NULL_CONVERSION = YES;
				CLANG_WARN_OBJC_IMPLICIT_RETAIN_SELF = YES;
				CLANG_WARN_OBJC_LITERAL_CONVERSION = YES;
				CLANG_WARN_OBJC_ROOT_CLASS = YES_ERROR;
				CLANG_WARN_RANGE_LOOP_ANALYSIS = YES;
				CLANG_WARN_STRICT_PROTOTYPES = YES;
				CLANG_WARN_SUSPICIOUS_MOVE = YES;
				CLANG_WARN_UNGUARDED_AVAILABILITY = YES_AGGRESSIVE;
				CLANG_WARN_UNREACHABLE_CODE = YES;
				CLANG_WARN__DUPLICATE_METHOD_MATCH = YES;
				CODE_SIGN_IDENTITY = "iPhone Developer";
				COPY_PHASE_STRIP = NO;
				DEBUG_INFORMATION_FORMAT = "dwarf-with-dsym";
				ENABLE_NS_ASSERTIONS = NO;
				ENABLE_STRICT_OBJC_MSGSEND = YES;
				GCC_C_LANGUAGE_STANDARD = gnu11;
				GCC_NO_COMMON_BLOCKS = YES;
				GCC_WARN_64_TO_32_BIT_CONVERSION = YES;
				GCC_WARN_ABOUT_RETURN_TYPE = YES_ERROR;
				GCC_WARN_UNDECLARED_SELECTOR = YES;
				GCC_WARN_UNINITIALIZED_AUTOS = YES_AGGRESSIVE;
				GCC_WARN_UNUSED_FUNCTION = YES;
				GCC_WARN_UNUSED_VARIABLE = YES;
				IPHONEOS_DEPLOYMENT_TARGET = 12.2;
				MTL_ENABLE_DEBUG_INFO = NO;
				MTL_FAST_MATH = YES;
				SDKROOT = iphoneos;
				SWIFT_COMPILATION_MODE = wholemodule;
				SWIFT_OPTIMIZATION_LEVEL = "-O";
				VALIDATE_PRODUCT = YES;
			};
			name = Release;
		};
		2334F4BD22CB185E00CDED35 /* Debug */ = {
			isa = XCBuildConfiguration;
			baseConfigurationReference = B9671DD17FEB4B9D2BD179DE /* Pods-FSCalendarJul209.debug.xcconfig */;
			buildSettings = {
				ASSETCATALOG_COMPILER_APPICON_NAME = AppIcon;
				CODE_SIGN_STYLE = Automatic;
				DEVELOPMENT_TEAM = 3Z2FQ8D579;
				INFOPLIST_FILE = FSCalendarJul209/Info.plist;
				LD_RUNPATH_SEARCH_PATHS = (
					"$(inherited)",
					"@executable_path/Frameworks",
				);
				PRODUCT_BUNDLE_IDENTIFIER = com.mycreationsiOS.FSCalendarJul209;
				PRODUCT_NAME = "$(TARGET_NAME)";
				SWIFT_VERSION = 5.0;
				TARGETED_DEVICE_FAMILY = "1,2";
			};
			name = Debug;
		};
		2334F4BE22CB185E00CDED35 /* Release */ = {
			isa = XCBuildConfiguration;
			baseConfigurationReference = 3698C441ED3994D62D1DD76A /* Pods-FSCalendarJul209.release.xcconfig */;
			buildSettings = {
				ASSETCATALOG_COMPILER_APPICON_NAME = AppIcon;
				CODE_SIGN_STYLE = Automatic;
				DEVELOPMENT_TEAM = 3Z2FQ8D579;
				INFOPLIST_FILE = FSCalendarJul209/Info.plist;
				LD_RUNPATH_SEARCH_PATHS = (
					"$(inherited)",
					"@executable_path/Frameworks",
				);
				PRODUCT_BUNDLE_IDENTIFIER = com.mycreationsiOS.FSCalendarJul209;
				PRODUCT_NAME = "$(TARGET_NAME)";
				SWIFT_VERSION = 5.0;
				TARGETED_DEVICE_FAMILY = "1,2";
			};
			name = Release;
		};
		2334F4C022CB185E00CDED35 /* Debug */ = {
			isa = XCBuildConfiguration;
			baseConfigurationReference = 56086C2E00C17369F47F5DD9 /* Pods-FSCalendarJul209Tests.debug.xcconfig */;
			buildSettings = {
				ALWAYS_EMBED_SWIFT_STANDARD_LIBRARIES = YES;
				BUNDLE_LOADER = "$(TEST_HOST)";
				CODE_SIGN_STYLE = Automatic;
				DEVELOPMENT_TEAM = 3Z2FQ8D579;
				INFOPLIST_FILE = FSCalendarJul209Tests/Info.plist;
				LD_RUNPATH_SEARCH_PATHS = (
					"$(inherited)",
					"@executable_path/Frameworks",
					"@loader_path/Frameworks",
				);
				PRODUCT_BUNDLE_IDENTIFIER = com.mycreationsiOS.FSCalendarJul209Tests;
				PRODUCT_NAME = "$(TARGET_NAME)";
				SWIFT_VERSION = 5.0;
				TARGETED_DEVICE_FAMILY = "1,2";
				TEST_HOST = "$(BUILT_PRODUCTS_DIR)/FSCalendarJul209.app/FSCalendarJul209";
			};
			name = Debug;
		};
		2334F4C122CB185E00CDED35 /* Release */ = {
			isa = XCBuildConfiguration;
			baseConfigurationReference = A1026B3C8C4A74DCB3BB57E1 /* Pods-FSCalendarJul209Tests.release.xcconfig */;
			buildSettings = {
				ALWAYS_EMBED_SWIFT_STANDARD_LIBRARIES = YES;
				BUNDLE_LOADER = "$(TEST_HOST)";
				CODE_SIGN_STYLE = Automatic;
				DEVELOPMENT_TEAM = 3Z2FQ8D579;
				INFOPLIST_FILE = FSCalendarJul209Tests/Info.plist;
				LD_RUNPATH_SEARCH_PATHS = (
					"$(inherited)",
					"@executable_path/Frameworks",
					"@loader_path/Frameworks",
				);
				PRODUCT_BUNDLE_IDENTIFIER = com.mycreationsiOS.FSCalendarJul209Tests;
				PRODUCT_NAME = "$(TARGET_NAME)";
				SWIFT_VERSION = 5.0;
				TARGETED_DEVICE_FAMILY = "1,2";
				TEST_HOST = "$(BUILT_PRODUCTS_DIR)/FSCalendarJul209.app/FSCalendarJul209";
			};
			name = Release;
		};
		2334F4C322CB185E00CDED35 /* Debug */ = {
			isa = XCBuildConfiguration;
			baseConfigurationReference = 69E73CC471393E628C5B2D6E /* Pods-FSCalendarJul209UITests.debug.xcconfig */;
			buildSettings = {
				ALWAYS_EMBED_SWIFT_STANDARD_LIBRARIES = YES;
				CODE_SIGN_STYLE = Automatic;
				DEVELOPMENT_TEAM = 3Z2FQ8D579;
				INFOPLIST_FILE = FSCalendarJul209UITests/Info.plist;
				LD_RUNPATH_SEARCH_PATHS = (
					"$(inherited)",
					"@executable_path/Frameworks",
					"@loader_path/Frameworks",
				);
				PRODUCT_BUNDLE_IDENTIFIER = com.mycreationsiOS.FSCalendarJul209UITests;
				PRODUCT_NAME = "$(TARGET_NAME)";
				SWIFT_VERSION = 5.0;
				TARGETED_DEVICE_FAMILY = "1,2";
				TEST_TARGET_NAME = FSCalendarJul209;
			};
			name = Debug;
		};
		2334F4C422CB185E00CDED35 /* Release */ = {
			isa = XCBuildConfiguration;
			baseConfigurationReference = 5DD0CEC9D59C3590EBC97AFF /* Pods-FSCalendarJul209UITests.release.xcconfig */;
			buildSettings = {
				ALWAYS_EMBED_SWIFT_STANDARD_LIBRARIES = YES;
				CODE_SIGN_STYLE = Automatic;
				DEVELOPMENT_TEAM = 3Z2FQ8D579;
				INFOPLIST_FILE = FSCalendarJul209UITests/Info.plist;
				LD_RUNPATH_SEARCH_PATHS = (
					"$(inherited)",
					"@executable_path/Frameworks",
					"@loader_path/Frameworks",
				);
				PRODUCT_BUNDLE_IDENTIFIER = com.mycreationsiOS.FSCalendarJul209UITests;
				PRODUCT_NAME = "$(TARGET_NAME)";
				SWIFT_VERSION = 5.0;
				TARGETED_DEVICE_FAMILY = "1,2";
				TEST_TARGET_NAME = FSCalendarJul209;
			};
			name = Release;
		};
/* End XCBuildConfiguration section */

/* Begin XCConfigurationList section */
		2334F48F22CB185C00CDED35 /* Build configuration list for PBXProject "FSCalendarJul209" */ = {
			isa = XCConfigurationList;
			buildConfigurations = (
				2334F4BA22CB185E00CDED35 /* Debug */,
				2334F4BB22CB185E00CDED35 /* Release */,
			);
			defaultConfigurationIsVisible = 0;
			defaultConfigurationName = Release;
		};
		2334F4BC22CB185E00CDED35 /* Build configuration list for PBXNativeTarget "FSCalendarJul209" */ = {
			isa = XCConfigurationList;
			buildConfigurations = (
				2334F4BD22CB185E00CDED35 /* Debug */,
				2334F4BE22CB185E00CDED35 /* Release */,
			);
			defaultConfigurationIsVisible = 0;
			defaultConfigurationName = Release;
		};
		2334F4BF22CB185E00CDED35 /* Build configuration list for PBXNativeTarget "FSCalendarJul209Tests" */ = {
			isa = XCConfigurationList;
			buildConfigurations = (
				2334F4C022CB185E00CDED35 /* Debug */,
				2334F4C122CB185E00CDED35 /* Release */,
			);
			defaultConfigurationIsVisible = 0;
			defaultConfigurationName = Release;
		};
		2334F4C222CB185E00CDED35 /* Build configuration list for PBXNativeTarget "FSCalendarJul209UITests" */ = {
			isa = XCConfigurationList;
			buildConfigurations = (
				2334F4C322CB185E00CDED35 /* Debug */,
				2334F4C422CB185E00CDED35 /* Release */,
			);
			defaultConfigurationIsVisible = 0;
			defaultConfigurationName = Release;
		};
/* End XCConfigurationList section */
	};
	rootObject = 2334F48C22CB185C00CDED35 /* Project object */;
}
