// !$*UTF8*$!
{
	archiveVersion = 1;
	classes = {
	};
	objectVersion = 50;
	objects = {

/* Begin PBXBuildFile section */
		23C8CA6922E4C9D500129F9C /* AppDelegate.swift in Sources */ = {isa = PBXBuildFile; fileRef = 23C8CA6822E4C9D500129F9C /* AppDelegate.swift */; };
		23C8CA6B22E4C9D500129F9C /* ViewController.swift in Sources */ = {isa = PBXBuildFile; fileRef = 23C8CA6A22E4C9D500129F9C /* ViewController.swift */; };
		23C8CA6E22E4C9D500129F9C /* Main.storyboard in Resources */ = {isa = PBXBuildFile; fileRef = 23C8CA6C22E4C9D500129F9C /* Main.storyboard */; };
		23C8CA7022E4C9D600129F9C /* Assets.xcassets in Resources */ = {isa = PBXBuildFile; fileRef = 23C8CA6F22E4C9D600129F9C /* Assets.xcassets */; };
		23C8CA7322E4C9D600129F9C /* LaunchScreen.storyboard in Resources */ = {isa = PBXBuildFile; fileRef = 23C8CA7122E4C9D600129F9C /* LaunchScreen.storyboard */; };
		23C8CA7B22E4CCBD00129F9C /* Feature.xib in Resources */ = {isa = PBXBuildFile; fileRef = 23C8CA7A22E4CCBD00129F9C /* Feature.xib */; };
		23C8CA7D22E4CD4E00129F9C /* FeatureView.swift in Sources */ = {isa = PBXBuildFile; fileRef = 23C8CA7C22E4CD4E00129F9C /* FeatureView.swift */; };
/* End PBXBuildFile section */

/* Begin PBXFileReference section */
		23C8CA6522E4C9D500129F9C /* UIViewWithXIBJul2109.app */ = {isa = PBXFileReference; explicitFileType = wrapper.application; includeInIndex = 0; path = UIViewWithXIBJul2109.app; sourceTree = BUILT_PRODUCTS_DIR; };
		23C8CA6822E4C9D500129F9C /* AppDelegate.swift */ = {isa = PBXFileReference; lastKnownFileType = sourcecode.swift; path = AppDelegate.swift; sourceTree = "<group>"; };
		23C8CA6A22E4C9D500129F9C /* ViewController.swift */ = {isa = PBXFileReference; lastKnownFileType = sourcecode.swift; path = ViewController.swift; sourceTree = "<group>"; };
		23C8CA6D22E4C9D500129F9C /* Base */ = {isa = PBXFileReference; lastKnownFileType = file.storyboard; name = Base; path = Base.lproj/Main.storyboard; sourceTree = "<group>"; };
		23C8CA6F22E4C9D600129F9C /* Assets.xcassets */ = {isa = PBXFileReference; lastKnownFileType = folder.assetcatalog; path = Assets.xcassets; sourceTree = "<group>"; };
		23C8CA7222E4C9D600129F9C /* Base */ = {isa = PBXFileReference; lastKnownFileType = file.storyboard; name = Base; path = Base.lproj/LaunchScreen.storyboard; sourceTree = "<group>"; };
		23C8CA7422E4C9D600129F9C /* Info.plist */ = {isa = PBXFileReference; lastKnownFileType = text.plist.xml; path = Info.plist; sourceTree = "<group>"; };
		23C8CA7A22E4CCBD00129F9C /* Feature.xib */ = {isa = PBXFileReference; lastKnownFileType = file.xib; path = Feature.xib; sourceTree = "<group>"; };
		23C8CA7C22E4CD4E00129F9C /* FeatureView.swift */ = {isa = PBXFileReference; lastKnownFileType = sourcecode.swift; path = FeatureView.swift; sourceTree = "<group>"; };
/* End PBXFileReference section */

/* Begin PBXFrameworksBuildPhase section */
		23C8CA6222E4C9D500129F9C /* Frameworks */ = {
			isa = PBXFrameworksBuildPhase;
			buildActionMask = 2147483647;
			files = (
			);
			runOnlyForDeploymentPostprocessing = 0;
		};
/* End PBXFrameworksBuildPhase section */

/* Begin PBXGroup section */
		23C8CA5C22E4C9D500129F9C = {
			isa = PBXGroup;
			children = (
				23C8CA6722E4C9D500129F9C /* UIViewWithXIBJul2109 */,
				23C8CA6622E4C9D500129F9C /* Products */,
			);
			sourceTree = "<group>";
		};
		23C8CA6622E4C9D500129F9C /* Products */ = {
			isa = PBXGroup;
			children = (
				23C8CA6522E4C9D500129F9C /* UIViewWithXIBJul2109.app */,
			);
			name = Products;
			sourceTree = "<group>";
		};
		23C8CA6722E4C9D500129F9C /* UIViewWithXIBJul2109 */ = {
			isa = PBXGroup;
			children = (
				23C8CA6822E4C9D500129F9C /* AppDelegate.swift */,
				23C8CA6A22E4C9D500129F9C /* ViewController.swift */,
				23C8CA6C22E4C9D500129F9C /* Main.storyboard */,
				23C8CA7A22E4CCBD00129F9C /* Feature.xib */,
				23C8CA7C22E4CD4E00129F9C /* FeatureView.swift */,
				23C8CA6F22E4C9D600129F9C /* Assets.xcassets */,
				23C8CA7122E4C9D600129F9C /* LaunchScreen.storyboard */,
				23C8CA7422E4C9D600129F9C /* Info.plist */,
			);
			path = UIViewWithXIBJul2109;
			sourceTree = "<group>";
		};
/* End PBXGroup section */

/* Begin PBXNativeTarget section */
		23C8CA6422E4C9D500129F9C /* UIViewWithXIBJul2109 */ = {
			isa = PBXNativeTarget;
			buildConfigurationList = 23C8CA7722E4C9D600129F9C /* Build configuration list for PBXNativeTarget "UIViewWithXIBJul2109" */;
			buildPhases = (
				23C8CA6122E4C9D500129F9C /* Sources */,
				23C8CA6222E4C9D500129F9C /* Frameworks */,
				23C8CA6322E4C9D500129F9C /* Resources */,
			);
			buildRules = (
			);
			dependencies = (
			);
			name = UIViewWithXIBJul2109;
			productName = UIViewWithXIBJul2109;
			productReference = 23C8CA6522E4C9D500129F9C /* UIViewWithXIBJul2109.app */;
			productType = "com.apple.product-type.application";
		};
/* End PBXNativeTarget section */

/* Begin PBXProject section */
		23C8CA5D22E4C9D500129F9C /* Project object */ = {
			isa = PBXProject;
			attributes = {
				LastSwiftUpdateCheck = 1020;
				LastUpgradeCheck = 1020;
				ORGANIZATIONNAME = "Zin Lin Htet Naing";
				TargetAttributes = {
					23C8CA6422E4C9D500129F9C = {
						CreatedOnToolsVersion = 10.2.1;
					};
				};
			};
			buildConfigurationList = 23C8CA6022E4C9D500129F9C /* Build configuration list for PBXProject "UIViewWithXIBJul2109" */;
			compatibilityVersion = "Xcode 9.3";
			developmentRegion = en;
			hasScannedForEncodings = 0;
			knownRegions = (
				en,
				Base,
			);
			mainGroup = 23C8CA5C22E4C9D500129F9C;
			productRefGroup = 23C8CA6622E4C9D500129F9C /* Products */;
			projectDirPath = "";
			projectRoot = "";
			targets = (
				23C8CA6422E4C9D500129F9C /* UIViewWithXIBJul2109 */,
			);
		};
/* End PBXProject section */

/* Begin PBXResourcesBuildPhase section */
		23C8CA6322E4C9D500129F9C /* Resources */ = {
			isa = PBXResourcesBuildPhase;
			buildActionMask = 2147483647;
			files = (
				23C8CA7B22E4CCBD00129F9C /* Feature.xib in Resources */,
				23C8CA7322E4C9D600129F9C /* LaunchScreen.storyboard in Resources */,
				23C8CA7022E4C9D600129F9C /* Assets.xcassets in Resources */,
				23C8CA6E22E4C9D500129F9C /* Main.storyboard in Resources */,
			);
			runOnlyForDeploymentPostprocessing = 0;
		};
/* End PBXResourcesBuildPhase section */

/* Begin PBXSourcesBuildPhase section */
		23C8CA6122E4C9D500129F9C /* Sources */ = {
			isa = PBXSourcesBuildPhase;
			buildActionMask = 2147483647;
			files = (
				23C8CA7D22E4CD4E00129F9C /* FeatureView.swift in Sources */,
				23C8CA6B22E4C9D500129F9C /* ViewController.swift in Sources */,
				23C8CA6922E4C9D500129F9C /* AppDelegate.swift in Sources */,
			);
			runOnlyForDeploymentPostprocessing = 0;
		};
/* End PBXSourcesBuildPhase section */

/* Begin PBXVariantGroup section */
		23C8CA6C22E4C9D500129F9C /* Main.storyboard */ = {
			isa = PBXVariantGroup;
			children = (
				23C8CA6D22E4C9D500129F9C /* Base */,
			);
			name = Main.storyboard;
			sourceTree = "<group>";
		};
		23C8CA7122E4C9D600129F9C /* LaunchScreen.storyboard */ = {
			isa = PBXVariantGroup;
			children = (
				23C8CA7222E4C9D600129F9C /* Base */,
			);
			name = LaunchScreen.storyboard;
			sourceTree = "<group>";
		};
/* End PBXVariantGroup section */

/* Begin XCBuildConfiguration section */
		23C8CA7522E4C9D600129F9C /* Debug */ = {
			isa = XCBuildConfiguration;
			buildSettings = {
				ALWAYS_SEARCH_USER_PATHS = NO;
				CLANG_ANALYZER_NONNULL = YES;
				CLANG_ANALYZER_NUMBER_OBJECT_CONVERSION = YES_AGGRESSIVE;
				CLANG_CXX_LANGUAGE_STANDARD = "gnu++14";
				CLANG_CXX_LIBRARY = "libc++";
				CLANG_ENABLE_MODULES = YES;
				CLANG_ENABLE_OBJC_ARC = YES;
				CLANG_ENABLE_OBJC_WEAK = YES;
				CLANG_WARN_BLOCK_CAPTURE_AUTORELEASING = YES;
				CLANG_WARN_BOOL_CONVERSION = YES;
				CLANG_WARN_COMMA = YES;
				CLANG_WARN_CONSTANT_CONVERSION = YES;
				CLANG_WARN_DEPRECATED_OBJC_IMPLEMENTATIONS = YES;
				CLANG_WARN_DIRECT_OBJC_ISA_USAGE = YES_ERROR;
				CLANG_WARN_DOCUMENTATION_COMMENTS = YES;
				CLANG_WARN_EMPTY_BODY = YES;
				CLANG_WARN_ENUM_CONVERSION = YES;
				CLANG_WARN_INFINITE_RECURSION = YES;
				CLANG_WARN_INT_CONVERSION = YES;
				CLANG_WARN_NON_LITERAL_NULL_CONVERSION = YES;
				CLANG_WARN_OBJC_IMPLICIT_RETAIN_SELF = YES;
				CLANG_WARN_OBJC_LITERAL_CONVERSION = YES;
				CLANG_WARN_OBJC_ROOT_CLASS = YES_ERROR;
				CLANG_WARN_RANGE_LOOP_ANALYSIS = YES;
				CLANG_WARN_STRICT_PROTOTYPES = YES;
				CLANG_WARN_SUSPICIOUS_MOVE = YES;
				CLANG_WARN_UNGUARDED_AVAILABILITY = YES_AGGRESSIVE;
				CLANG_WARN_UNREACHABLE_CODE = YES;
				CLANG_WARN__DUPLICATE_METHOD_MATCH = YES;
				CODE_SIGN_IDENTITY = "iPhone Developer";
				COPY_PHASE_STRIP = NO;
				DEBUG_INFORMATION_FORMAT = dwarf;
				ENABLE_STRICT_OBJC_MSGSEND = YES;
				ENABLE_TESTABILITY = YES;
				GCC_C_LANGUAGE_STANDARD = gnu11;
				GCC_DYNAMIC_NO_PIC = NO;
				GCC_NO_COMMON_BLOCKS = YES;
				GCC_OPTIMIZATION_LEVEL = 0;
				GCC_PREPROCESSOR_DEFINITIONS = (
					"DEBUG=1",
					"$(inherited)",
				);
				GCC_WARN_64_TO_32_BIT_CONVERSION = YES;
				GCC_WARN_ABOUT_RETURN_TYPE = YES_ERROR;
				GCC_WARN_UNDECLARED_SELECTOR = YES;
				GCC_WARN_UNINITIALIZED_AUTOS = YES_AGGRESSIVE;
				GCC_WARN_UNUSED_FUNCTION = YES;
				GCC_WARN_UNUSED_VARIABLE = YES;
				IPHONEOS_DEPLOYMENT_TARGET = 12.2;
				MTL_ENABLE_DEBUG_INFO = INCLUDE_SOURCE;
				MTL_FAST_MATH = YES;
				ONLY_ACTIVE_ARCH = YES;
				SDKROOT = iphoneos;
				SWIFT_ACTIVE_COMPILATION_CONDITIONS = DEBUG;
				SWIFT_OPTIMIZATION_LEVEL = "-Onone";
			};
			name = Debug;
		};
		23C8CA7622E4C9D600129F9C /* Release */ = {
			isa = XCBuildConfiguration;
			buildSettings = {
				ALWAYS_SEARCH_USER_PATHS = NO;
				CLANG_ANALYZER_NONNULL = YES;
				CLANG_ANALYZER_NUMBER_OBJECT_CONVERSION = YES_AGGRESSIVE;
				CLANG_CXX_LANGUAGE_STANDARD = "gnu++14";
				CLANG_CXX_LIBRARY = "libc++";
				CLANG_ENABLE_MODULES = YES;
				CLANG_ENABLE_OBJC_ARC = YES;
				CLANG_ENABLE_OBJC_WEAK = YES;
				CLANG_WARN_BLOCK_CAPTURE_AUTORELEASING = YES;
				CLANG_WARN_BOOL_CONVERSION = YES;
				CLANG_WARN_COMMA = YES;
				CLANG_WARN_CONSTANT_CONVERSION = YES;
				CLANG_WARN_DEPRECATED_OBJC_IMPLEMENTATIONS = YES;
				CLANG_WARN_DIRECT_OBJC_ISA_USAGE = YES_ERROR;
				CLANG_WARN_DOCUMENTATION_COMMENTS = YES;
				CLANG_WARN_EMPTY_BODY = YES;
				CLANG_WARN_ENUM_CONVERSION = YES;
				CLANG_WARN_INFINITE_RECURSION = YES;
				CLANG_WARN_INT_CONVERSION = YES;
				CLANG_WARN_NON_LITERAL_NULL_CONVERSION = YES;
				CLANG_WARN_OBJC_IMPLICIT_RETAIN_SELF = YES;
				CLANG_WARN_OBJC_LITERAL_CONVERSION = YES;
				CLANG_WARN_OBJC_ROOT_CLASS = YES_ERROR;
				CLANG_WARN_RANGE_LOOP_ANALYSIS = YES;
				CLANG_WARN_STRICT_PROTOTYPES = YES;
				CLANG_WARN_SUSPICIOUS_MOVE = YES;
				CLANG_WARN_UNGUARDED_AVAILABILITY = YES_AGGRESSIVE;
				CLANG_WARN_UNREACHABLE_CODE = YES;
				CLANG_WARN__DUPLICATE_METHOD_MATCH = YES;
				CODE_SIGN_IDENTITY = "iPhone Developer";
				COPY_PHASE_STRIP = NO;
				DEBUG_INFORMATION_FORMAT = "dwarf-with-dsym";
				ENABLE_NS_ASSERTIONS = NO;
				ENABLE_STRICT_OBJC_MSGSEND = YES;
				GCC_C_LANGUAGE_STANDARD = gnu11;
				GCC_NO_COMMON_BLOCKS = YES;
				GCC_WARN_64_TO_32_BIT_CONVERSION = YES;
				GCC_WARN_ABOUT_RETURN_TYPE = YES_ERROR;
				GCC_WARN_UNDECLARED_SELECTOR = YES;
				GCC_WARN_UNINITIALIZED_AUTOS = YES_AGGRESSIVE;
				GCC_WARN_UNUSED_FUNCTION = YES;
				GCC_WARN_UNUSED_VARIABLE = YES;
				IPHONEOS_DEPLOYMENT_TARGET = 12.2;
				MTL_ENABLE_DEBUG_INFO = NO;
				MTL_FAST_MATH = YES;
				SDKROOT = iphoneos;
				SWIFT_COMPILATION_MODE = wholemodule;
				SWIFT_OPTIMIZATION_LEVEL = "-O";
				VALIDATE_PRODUCT = YES;
			};
			name = Release;
		};
		23C8CA7822E4C9D600129F9C /* Debug */ = {
			isa = XCBuildConfiguration;
			buildSettings = {
				ASSETCATALOG_COMPILER_APPICON_NAME = AppIcon;
				CODE_SIGN_STYLE = Automatic;
				DEVELOPMENT_TEAM = 3Z2FQ8D579;
				INFOPLIST_FILE = UIViewWithXIBJul2109/Info.plist;
				LD_RUNPATH_SEARCH_PATHS = (
					"$(inherited)",
					"@executable_path/Frameworks",
				);
				PRODUCT_BUNDLE_IDENTIFIER = com.ZLHN.UIViewWithXIBJul2109;
				PRODUCT_NAME = "$(TARGET_NAME)";
				SWIFT_VERSION = 5.0;
				TARGETED_DEVICE_FAMILY = "1,2";
			};
			name = Debug;
		};
		23C8CA7922E4C9D600129F9C /* Release */ = {
			isa = XCBuildConfiguration;
			buildSettings = {
				ASSETCATALOG_COMPILER_APPICON_NAME = AppIcon;
				CODE_SIGN_STYLE = Automatic;
				DEVELOPMENT_TEAM = 3Z2FQ8D579;
				INFOPLIST_FILE = UIViewWithXIBJul2109/Info.plist;
				LD_RUNPATH_SEARCH_PATHS = (
					"$(inherited)",
					"@executable_path/Frameworks",
				);
				PRODUCT_BUNDLE_IDENTIFIER = com.ZLHN.UIViewWithXIBJul2109;
				PRODUCT_NAME = "$(TARGET_NAME)";
				SWIFT_VERSION = 5.0;
				TARGETED_DEVICE_FAMILY = "1,2";
			};
			name = Release;
		};
/* End XCBuildConfiguration section */

/* Begin XCConfigurationList section */
		23C8CA6022E4C9D500129F9C /* Build configuration list for PBXProject "UIViewWithXIBJul2109" */ = {
			isa = XCConfigurationList;
			buildConfigurations = (
				23C8CA7522E4C9D600129F9C /* Debug */,
				23C8CA7622E4C9D600129F9C /* Release */,
			);
			defaultConfigurationIsVisible = 0;
			defaultConfigurationName = Release;
		};
		23C8CA7722E4C9D600129F9C /* Build configuration list for PBXNativeTarget "UIViewWithXIBJul2109" */ = {
			isa = XCConfigurationList;
			buildConfigurations = (
				23C8CA7822E4C9D600129F9C /* Debug */,
				23C8CA7922E4C9D600129F9C /* Release */,
			);
			defaultConfigurationIsVisible = 0;
			defaultConfigurationName = Release;
		};
/* End XCConfigurationList section */
	};
	rootObject = 23C8CA5D22E4C9D500129F9C /* Project object */;
}
