// !$*UTF8*$!
{
	archiveVersion = 1;
	classes = {
	};
	objectVersion = 50;
	objects = {

/* Begin PBXBuildFile section */
		23EA35B922C1DA46008CD58D /* AppDelegate.swift in Sources */ = {isa = PBXBuildFile; fileRef = 23EA35B822C1DA46008CD58D /* AppDelegate.swift */; };
		23EA35BB22C1DA46008CD58D /* ViewController.swift in Sources */ = {isa = PBXBuildFile; fileRef = 23EA35BA22C1DA46008CD58D /* ViewController.swift */; };
		23EA35BE22C1DA46008CD58D /* Main.storyboard in Resources */ = {isa = PBXBuildFile; fileRef = 23EA35BC22C1DA46008CD58D /* Main.storyboard */; };
		23EA35C022C1DA48008CD58D /* Assets.xcassets in Resources */ = {isa = PBXBuildFile; fileRef = 23EA35BF22C1DA48008CD58D /* Assets.xcassets */; };
		23EA35C322C1DA48008CD58D /* LaunchScreen.storyboard in Resources */ = {isa = PBXBuildFile; fileRef = 23EA35C122C1DA48008CD58D /* LaunchScreen.storyboard */; };
		23EA35CE22C1DA48008CD58D /* SwiftyPrint_Log_DemoJun2519Tests.swift in Sources */ = {isa = PBXBuildFile; fileRef = 23EA35CD22C1DA48008CD58D /* SwiftyPrint_Log_DemoJun2519Tests.swift */; };
		23EA35D922C1DA48008CD58D /* SwiftyPrint_Log_DemoJun2519UITests.swift in Sources */ = {isa = PBXBuildFile; fileRef = 23EA35D822C1DA48008CD58D /* SwiftyPrint_Log_DemoJun2519UITests.swift */; };
		23EA35E822C1DA5D008CD58D /* DispatchQueueHelper.swift in Sources */ = {isa = PBXBuildFile; fileRef = 23EA35E622C1DA5D008CD58D /* DispatchQueueHelper.swift */; };
		23EA35E922C1DA5D008CD58D /* SwiftyLog.swift in Sources */ = {isa = PBXBuildFile; fileRef = 23EA35E722C1DA5D008CD58D /* SwiftyLog.swift */; };
/* End PBXBuildFile section */

/* Begin PBXContainerItemProxy section */
		23EA35CA22C1DA48008CD58D /* PBXContainerItemProxy */ = {
			isa = PBXContainerItemProxy;
			containerPortal = 23EA35AD22C1DA46008CD58D /* Project object */;
			proxyType = 1;
			remoteGlobalIDString = 23EA35B422C1DA46008CD58D;
			remoteInfo = "SwiftyPrint(Log)DemoJun2519";
		};
		23EA35D522C1DA48008CD58D /* PBXContainerItemProxy */ = {
			isa = PBXContainerItemProxy;
			containerPortal = 23EA35AD22C1DA46008CD58D /* Project object */;
			proxyType = 1;
			remoteGlobalIDString = 23EA35B422C1DA46008CD58D;
			remoteInfo = "SwiftyPrint(Log)DemoJun2519";
		};
/* End PBXContainerItemProxy section */

/* Begin PBXFileReference section */
		23EA35B522C1DA46008CD58D /* SwiftyPrint(Log)DemoJun2519.app */ = {isa = PBXFileReference; explicitFileType = wrapper.application; includeInIndex = 0; path = "SwiftyPrint(Log)DemoJun2519.app"; sourceTree = BUILT_PRODUCTS_DIR; };
		23EA35B822C1DA46008CD58D /* AppDelegate.swift */ = {isa = PBXFileReference; lastKnownFileType = sourcecode.swift; path = AppDelegate.swift; sourceTree = "<group>"; };
		23EA35BA22C1DA46008CD58D /* ViewController.swift */ = {isa = PBXFileReference; lastKnownFileType = sourcecode.swift; path = ViewController.swift; sourceTree = "<group>"; };
		23EA35BD22C1DA46008CD58D /* Base */ = {isa = PBXFileReference; lastKnownFileType = file.storyboard; name = Base; path = Base.lproj/Main.storyboard; sourceTree = "<group>"; };
		23EA35BF22C1DA48008CD58D /* Assets.xcassets */ = {isa = PBXFileReference; lastKnownFileType = folder.assetcatalog; path = Assets.xcassets; sourceTree = "<group>"; };
		23EA35C222C1DA48008CD58D /* Base */ = {isa = PBXFileReference; lastKnownFileType = file.storyboard; name = Base; path = Base.lproj/LaunchScreen.storyboard; sourceTree = "<group>"; };
		23EA35C422C1DA48008CD58D /* Info.plist */ = {isa = PBXFileReference; lastKnownFileType = text.plist.xml; path = Info.plist; sourceTree = "<group>"; };
		23EA35C922C1DA48008CD58D /* SwiftyPrint(Log)DemoJun2519Tests.xctest */ = {isa = PBXFileReference; explicitFileType = wrapper.cfbundle; includeInIndex = 0; path = "SwiftyPrint(Log)DemoJun2519Tests.xctest"; sourceTree = BUILT_PRODUCTS_DIR; };
		23EA35CD22C1DA48008CD58D /* SwiftyPrint_Log_DemoJun2519Tests.swift */ = {isa = PBXFileReference; lastKnownFileType = sourcecode.swift; path = SwiftyPrint_Log_DemoJun2519Tests.swift; sourceTree = "<group>"; };
		23EA35CF22C1DA48008CD58D /* Info.plist */ = {isa = PBXFileReference; lastKnownFileType = text.plist.xml; path = Info.plist; sourceTree = "<group>"; };
		23EA35D422C1DA48008CD58D /* SwiftyPrint(Log)DemoJun2519UITests.xctest */ = {isa = PBXFileReference; explicitFileType = wrapper.cfbundle; includeInIndex = 0; path = "SwiftyPrint(Log)DemoJun2519UITests.xctest"; sourceTree = BUILT_PRODUCTS_DIR; };
		23EA35D822C1DA48008CD58D /* SwiftyPrint_Log_DemoJun2519UITests.swift */ = {isa = PBXFileReference; lastKnownFileType = sourcecode.swift; path = SwiftyPrint_Log_DemoJun2519UITests.swift; sourceTree = "<group>"; };
		23EA35DA22C1DA48008CD58D /* Info.plist */ = {isa = PBXFileReference; lastKnownFileType = text.plist.xml; path = Info.plist; sourceTree = "<group>"; };
		23EA35E622C1DA5D008CD58D /* DispatchQueueHelper.swift */ = {isa = PBXFileReference; fileEncoding = 4; lastKnownFileType = sourcecode.swift; path = DispatchQueueHelper.swift; sourceTree = "<group>"; };
		23EA35E722C1DA5D008CD58D /* SwiftyLog.swift */ = {isa = PBXFileReference; fileEncoding = 4; lastKnownFileType = sourcecode.swift; path = SwiftyLog.swift; sourceTree = "<group>"; };
/* End PBXFileReference section */

/* Begin PBXFrameworksBuildPhase section */
		23EA35B222C1DA46008CD58D /* Frameworks */ = {
			isa = PBXFrameworksBuildPhase;
			buildActionMask = 2147483647;
			files = (
			);
			runOnlyForDeploymentPostprocessing = 0;
		};
		23EA35C622C1DA48008CD58D /* Frameworks */ = {
			isa = PBXFrameworksBuildPhase;
			buildActionMask = 2147483647;
			files = (
			);
			runOnlyForDeploymentPostprocessing = 0;
		};
		23EA35D122C1DA48008CD58D /* Frameworks */ = {
			isa = PBXFrameworksBuildPhase;
			buildActionMask = 2147483647;
			files = (
			);
			runOnlyForDeploymentPostprocessing = 0;
		};
/* End PBXFrameworksBuildPhase section */

/* Begin PBXGroup section */
		23EA35AC22C1DA46008CD58D = {
			isa = PBXGroup;
			children = (
				23EA35B722C1DA46008CD58D /* SwiftyPrint(Log)DemoJun2519 */,
				23EA35CC22C1DA48008CD58D /* SwiftyPrint(Log)DemoJun2519Tests */,
				23EA35D722C1DA48008CD58D /* SwiftyPrint(Log)DemoJun2519UITests */,
				23EA35B622C1DA46008CD58D /* Products */,
			);
			sourceTree = "<group>";
		};
		23EA35B622C1DA46008CD58D /* Products */ = {
			isa = PBXGroup;
			children = (
				23EA35B522C1DA46008CD58D /* SwiftyPrint(Log)DemoJun2519.app */,
				23EA35C922C1DA48008CD58D /* SwiftyPrint(Log)DemoJun2519Tests.xctest */,
				23EA35D422C1DA48008CD58D /* SwiftyPrint(Log)DemoJun2519UITests.xctest */,
			);
			name = Products;
			sourceTree = "<group>";
		};
		23EA35B722C1DA46008CD58D /* SwiftyPrint(Log)DemoJun2519 */ = {
			isa = PBXGroup;
			children = (
				23EA35B822C1DA46008CD58D /* AppDelegate.swift */,
				23EA35BA22C1DA46008CD58D /* ViewController.swift */,
				23EA35BC22C1DA46008CD58D /* Main.storyboard */,
				23EA35E622C1DA5D008CD58D /* DispatchQueueHelper.swift */,
				23EA35E722C1DA5D008CD58D /* SwiftyLog.swift */,
				23EA35BF22C1DA48008CD58D /* Assets.xcassets */,
				23EA35C122C1DA48008CD58D /* LaunchScreen.storyboard */,
				23EA35C422C1DA48008CD58D /* Info.plist */,
			);
			path = "SwiftyPrint(Log)DemoJun2519";
			sourceTree = "<group>";
		};
		23EA35CC22C1DA48008CD58D /* SwiftyPrint(Log)DemoJun2519Tests */ = {
			isa = PBXGroup;
			children = (
				23EA35CD22C1DA48008CD58D /* SwiftyPrint_Log_DemoJun2519Tests.swift */,
				23EA35CF22C1DA48008CD58D /* Info.plist */,
			);
			path = "SwiftyPrint(Log)DemoJun2519Tests";
			sourceTree = "<group>";
		};
		23EA35D722C1DA48008CD58D /* SwiftyPrint(Log)DemoJun2519UITests */ = {
			isa = PBXGroup;
			children = (
				23EA35D822C1DA48008CD58D /* SwiftyPrint_Log_DemoJun2519UITests.swift */,
				23EA35DA22C1DA48008CD58D /* Info.plist */,
			);
			path = "SwiftyPrint(Log)DemoJun2519UITests";
			sourceTree = "<group>";
		};
/* End PBXGroup section */

/* Begin PBXNativeTarget section */
		23EA35B422C1DA46008CD58D /* SwiftyPrint(Log)DemoJun2519 */ = {
			isa = PBXNativeTarget;
			buildConfigurationList = 23EA35DD22C1DA48008CD58D /* Build configuration list for PBXNativeTarget "SwiftyPrint(Log)DemoJun2519" */;
			buildPhases = (
				23EA35B122C1DA46008CD58D /* Sources */,
				23EA35B222C1DA46008CD58D /* Frameworks */,
				23EA35B322C1DA46008CD58D /* Resources */,
			);
			buildRules = (
			);
			dependencies = (
			);
			name = "SwiftyPrint(Log)DemoJun2519";
			productName = "SwiftyPrint(Log)DemoJun2519";
			productReference = 23EA35B522C1DA46008CD58D /* SwiftyPrint(Log)DemoJun2519.app */;
			productType = "com.apple.product-type.application";
		};
		23EA35C822C1DA48008CD58D /* SwiftyPrint(Log)DemoJun2519Tests */ = {
			isa = PBXNativeTarget;
			buildConfigurationList = 23EA35E022C1DA48008CD58D /* Build configuration list for PBXNativeTarget "SwiftyPrint(Log)DemoJun2519Tests" */;
			buildPhases = (
				23EA35C522C1DA48008CD58D /* Sources */,
				23EA35C622C1DA48008CD58D /* Frameworks */,
				23EA35C722C1DA48008CD58D /* Resources */,
			);
			buildRules = (
			);
			dependencies = (
				23EA35CB22C1DA48008CD58D /* PBXTargetDependency */,
			);
			name = "SwiftyPrint(Log)DemoJun2519Tests";
			productName = "SwiftyPrint(Log)DemoJun2519Tests";
			productReference = 23EA35C922C1DA48008CD58D /* SwiftyPrint(Log)DemoJun2519Tests.xctest */;
			productType = "com.apple.product-type.bundle.unit-test";
		};
		23EA35D322C1DA48008CD58D /* SwiftyPrint(Log)DemoJun2519UITests */ = {
			isa = PBXNativeTarget;
			buildConfigurationList = 23EA35E322C1DA48008CD58D /* Build configuration list for PBXNativeTarget "SwiftyPrint(Log)DemoJun2519UITests" */;
			buildPhases = (
				23EA35D022C1DA48008CD58D /* Sources */,
				23EA35D122C1DA48008CD58D /* Frameworks */,
				23EA35D222C1DA48008CD58D /* Resources */,
			);
			buildRules = (
			);
			dependencies = (
				23EA35D622C1DA48008CD58D /* PBXTargetDependency */,
			);
			name = "SwiftyPrint(Log)DemoJun2519UITests";
			productName = "SwiftyPrint(Log)DemoJun2519UITests";
			productReference = 23EA35D422C1DA48008CD58D /* SwiftyPrint(Log)DemoJun2519UITests.xctest */;
			productType = "com.apple.product-type.bundle.ui-testing";
		};
/* End PBXNativeTarget section */

/* Begin PBXProject section */
		23EA35AD22C1DA46008CD58D /* Project object */ = {
			isa = PBXProject;
			attributes = {
				LastSwiftUpdateCheck = 1020;
				LastUpgradeCheck = 1020;
				ORGANIZATIONNAME = "Zin Lin Htet Naing";
				TargetAttributes = {
					23EA35B422C1DA46008CD58D = {
						CreatedOnToolsVersion = 10.2.1;
					};
					23EA35C822C1DA48008CD58D = {
						CreatedOnToolsVersion = 10.2.1;
						TestTargetID = 23EA35B422C1DA46008CD58D;
					};
					23EA35D322C1DA48008CD58D = {
						CreatedOnToolsVersion = 10.2.1;
						TestTargetID = 23EA35B422C1DA46008CD58D;
					};
				};
			};
			buildConfigurationList = 23EA35B022C1DA46008CD58D /* Build configuration list for PBXProject "SwiftyPrint(Log)DemoJun2519" */;
			compatibilityVersion = "Xcode 9.3";
			developmentRegion = en;
			hasScannedForEncodings = 0;
			knownRegions = (
				en,
				Base,
			);
			mainGroup = 23EA35AC22C1DA46008CD58D;
			productRefGroup = 23EA35B622C1DA46008CD58D /* Products */;
			projectDirPath = "";
			projectRoot = "";
			targets = (
				23EA35B422C1DA46008CD58D /* SwiftyPrint(Log)DemoJun2519 */,
				23EA35C822C1DA48008CD58D /* SwiftyPrint(Log)DemoJun2519Tests */,
				23EA35D322C1DA48008CD58D /* SwiftyPrint(Log)DemoJun2519UITests */,
			);
		};
/* End PBXProject section */

/* Begin PBXResourcesBuildPhase section */
		23EA35B322C1DA46008CD58D /* Resources */ = {
			isa = PBXResourcesBuildPhase;
			buildActionMask = 2147483647;
			files = (
				23EA35C322C1DA48008CD58D /* LaunchScreen.storyboard in Resources */,
				23EA35C022C1DA48008CD58D /* Assets.xcassets in Resources */,
				23EA35BE22C1DA46008CD58D /* Main.storyboard in Resources */,
			);
			runOnlyForDeploymentPostprocessing = 0;
		};
		23EA35C722C1DA48008CD58D /* Resources */ = {
			isa = PBXResourcesBuildPhase;
			buildActionMask = 2147483647;
			files = (
			);
			runOnlyForDeploymentPostprocessing = 0;
		};
		23EA35D222C1DA48008CD58D /* Resources */ = {
			isa = PBXResourcesBuildPhase;
			buildActionMask = 2147483647;
			files = (
			);
			runOnlyForDeploymentPostprocessing = 0;
		};
/* End PBXResourcesBuildPhase section */

/* Begin PBXSourcesBuildPhase section */
		23EA35B122C1DA46008CD58D /* Sources */ = {
			isa = PBXSourcesBuildPhase;
			buildActionMask = 2147483647;
			files = (
				23EA35E822C1DA5D008CD58D /* DispatchQueueHelper.swift in Sources */,
				23EA35BB22C1DA46008CD58D /* ViewController.swift in Sources */,
				23EA35E922C1DA5D008CD58D /* SwiftyLog.swift in Sources */,
				23EA35B922C1DA46008CD58D /* AppDelegate.swift in Sources */,
			);
			runOnlyForDeploymentPostprocessing = 0;
		};
		23EA35C522C1DA48008CD58D /* Sources */ = {
			isa = PBXSourcesBuildPhase;
			buildActionMask = 2147483647;
			files = (
				23EA35CE22C1DA48008CD58D /* SwiftyPrint_Log_DemoJun2519Tests.swift in Sources */,
			);
			runOnlyForDeploymentPostprocessing = 0;
		};
		23EA35D022C1DA48008CD58D /* Sources */ = {
			isa = PBXSourcesBuildPhase;
			buildActionMask = 2147483647;
			files = (
				23EA35D922C1DA48008CD58D /* SwiftyPrint_Log_DemoJun2519UITests.swift in Sources */,
			);
			runOnlyForDeploymentPostprocessing = 0;
		};
/* End PBXSourcesBuildPhase section */

/* Begin PBXTargetDependency section */
		23EA35CB22C1DA48008CD58D /* PBXTargetDependency */ = {
			isa = PBXTargetDependency;
			target = 23EA35B422C1DA46008CD58D /* SwiftyPrint(Log)DemoJun2519 */;
			targetProxy = 23EA35CA22C1DA48008CD58D /* PBXContainerItemProxy */;
		};
		23EA35D622C1DA48008CD58D /* PBXTargetDependency */ = {
			isa = PBXTargetDependency;
			target = 23EA35B422C1DA46008CD58D /* SwiftyPrint(Log)DemoJun2519 */;
			targetProxy = 23EA35D522C1DA48008CD58D /* PBXContainerItemProxy */;
		};
/* End PBXTargetDependency section */

/* Begin PBXVariantGroup section */
		23EA35BC22C1DA46008CD58D /* Main.storyboard */ = {
			isa = PBXVariantGroup;
			children = (
				23EA35BD22C1DA46008CD58D /* Base */,
			);
			name = Main.storyboard;
			sourceTree = "<group>";
		};
		23EA35C122C1DA48008CD58D /* LaunchScreen.storyboard */ = {
			isa = PBXVariantGroup;
			children = (
				23EA35C222C1DA48008CD58D /* Base */,
			);
			name = LaunchScreen.storyboard;
			sourceTree = "<group>";
		};
/* End PBXVariantGroup section */

/* Begin XCBuildConfiguration section */
		23EA35DB22C1DA48008CD58D /* Debug */ = {
			isa = XCBuildConfiguration;
			buildSettings = {
				ALWAYS_SEARCH_USER_PATHS = NO;
				CLANG_ANALYZER_NONNULL = YES;
				CLANG_ANALYZER_NUMBER_OBJECT_CONVERSION = YES_AGGRESSIVE;
				CLANG_CXX_LANGUAGE_STANDARD = "gnu++14";
				CLANG_CXX_LIBRARY = "libc++";
				CLANG_ENABLE_MODULES = YES;
				CLANG_ENABLE_OBJC_ARC = YES;
				CLANG_ENABLE_OBJC_WEAK = YES;
				CLANG_WARN_BLOCK_CAPTURE_AUTORELEASING = YES;
				CLANG_WARN_BOOL_CONVERSION = YES;
				CLANG_WARN_COMMA = YES;
				CLANG_WARN_CONSTANT_CONVERSION = YES;
				CLANG_WARN_DEPRECATED_OBJC_IMPLEMENTATIONS = YES;
				CLANG_WARN_DIRECT_OBJC_ISA_USAGE = YES_ERROR;
				CLANG_WARN_DOCUMENTATION_COMMENTS = YES;
				CLANG_WARN_EMPTY_BODY = YES;
				CLANG_WARN_ENUM_CONVERSION = YES;
				CLANG_WARN_INFINITE_RECURSION = YES;
				CLANG_WARN_INT_CONVERSION = YES;
				CLANG_WARN_NON_LITERAL_NULL_CONVERSION = YES;
				CLANG_WARN_OBJC_IMPLICIT_RETAIN_SELF = YES;
				CLANG_WARN_OBJC_LITERAL_CONVERSION = YES;
				CLANG_WARN_OBJC_ROOT_CLASS = YES_ERROR;
				CLANG_WARN_RANGE_LOOP_ANALYSIS = YES;
				CLANG_WARN_STRICT_PROTOTYPES = YES;
				CLANG_WARN_SUSPICIOUS_MOVE = YES;
				CLANG_WARN_UNGUARDED_AVAILABILITY = YES_AGGRESSIVE;
				CLANG_WARN_UNREACHABLE_CODE = YES;
				CLANG_WARN__DUPLICATE_METHOD_MATCH = YES;
				CODE_SIGN_IDENTITY = "iPhone Developer";
				COPY_PHASE_STRIP = NO;
				DEBUG_INFORMATION_FORMAT = dwarf;
				ENABLE_STRICT_OBJC_MSGSEND = YES;
				ENABLE_TESTABILITY = YES;
				GCC_C_LANGUAGE_STANDARD = gnu11;
				GCC_DYNAMIC_NO_PIC = NO;
				GCC_NO_COMMON_BLOCKS = YES;
				GCC_OPTIMIZATION_LEVEL = 0;
				GCC_PREPROCESSOR_DEFINITIONS = (
					"DEBUG=1",
					"$(inherited)",
				);
				GCC_WARN_64_TO_32_BIT_CONVERSION = YES;
				GCC_WARN_ABOUT_RETURN_TYPE = YES_ERROR;
				GCC_WARN_UNDECLARED_SELECTOR = YES;
				GCC_WARN_UNINITIALIZED_AUTOS = YES_AGGRESSIVE;
				GCC_WARN_UNUSED_FUNCTION = YES;
				GCC_WARN_UNUSED_VARIABLE = YES;
				IPHONEOS_DEPLOYMENT_TARGET = 12.2;
				MTL_ENABLE_DEBUG_INFO = INCLUDE_SOURCE;
				MTL_FAST_MATH = YES;
				ONLY_ACTIVE_ARCH = YES;
				SDKROOT = iphoneos;
				SWIFT_ACTIVE_COMPILATION_CONDITIONS = DEBUG;
				SWIFT_OPTIMIZATION_LEVEL = "-Onone";
			};
			name = Debug;
		};
		23EA35DC22C1DA48008CD58D /* Release */ = {
			isa = XCBuildConfiguration;
			buildSettings = {
				ALWAYS_SEARCH_USER_PATHS = NO;
				CLANG_ANALYZER_NONNULL = YES;
				CLANG_ANALYZER_NUMBER_OBJECT_CONVERSION = YES_AGGRESSIVE;
				CLANG_CXX_LANGUAGE_STANDARD = "gnu++14";
				CLANG_CXX_LIBRARY = "libc++";
				CLANG_ENABLE_MODULES = YES;
				CLANG_ENABLE_OBJC_ARC = YES;
				CLANG_ENABLE_OBJC_WEAK = YES;
				CLANG_WARN_BLOCK_CAPTURE_AUTORELEASING = YES;
				CLANG_WARN_BOOL_CONVERSION = YES;
				CLANG_WARN_COMMA = YES;
				CLANG_WARN_CONSTANT_CONVERSION = YES;
				CLANG_WARN_DEPRECATED_OBJC_IMPLEMENTATIONS = YES;
				CLANG_WARN_DIRECT_OBJC_ISA_USAGE = YES_ERROR;
				CLANG_WARN_DOCUMENTATION_COMMENTS = YES;
				CLANG_WARN_EMPTY_BODY = YES;
				CLANG_WARN_ENUM_CONVERSION = YES;
				CLANG_WARN_INFINITE_RECURSION = YES;
				CLANG_WARN_INT_CONVERSION = YES;
				CLANG_WARN_NON_LITERAL_NULL_CONVERSION = YES;
				CLANG_WARN_OBJC_IMPLICIT_RETAIN_SELF = YES;
				CLANG_WARN_OBJC_LITERAL_CONVERSION = YES;
				CLANG_WARN_OBJC_ROOT_CLASS = YES_ERROR;
				CLANG_WARN_RANGE_LOOP_ANALYSIS = YES;
				CLANG_WARN_STRICT_PROTOTYPES = YES;
				CLANG_WARN_SUSPICIOUS_MOVE = YES;
				CLANG_WARN_UNGUARDED_AVAILABILITY = YES_AGGRESSIVE;
				CLANG_WARN_UNREACHABLE_CODE = YES;
				CLANG_WARN__DUPLICATE_METHOD_MATCH = YES;
				CODE_SIGN_IDENTITY = "iPhone Developer";
				COPY_PHASE_STRIP = NO;
				DEBUG_INFORMATION_FORMAT = "dwarf-with-dsym";
				ENABLE_NS_ASSERTIONS = NO;
				ENABLE_STRICT_OBJC_MSGSEND = YES;
				GCC_C_LANGUAGE_STANDARD = gnu11;
				GCC_NO_COMMON_BLOCKS = YES;
				GCC_WARN_64_TO_32_BIT_CONVERSION = YES;
				GCC_WARN_ABOUT_RETURN_TYPE = YES_ERROR;
				GCC_WARN_UNDECLARED_SELECTOR = YES;
				GCC_WARN_UNINITIALIZED_AUTOS = YES_AGGRESSIVE;
				GCC_WARN_UNUSED_FUNCTION = YES;
				GCC_WARN_UNUSED_VARIABLE = YES;
				IPHONEOS_DEPLOYMENT_TARGET = 12.2;
				MTL_ENABLE_DEBUG_INFO = NO;
				MTL_FAST_MATH = YES;
				SDKROOT = iphoneos;
				SWIFT_COMPILATION_MODE = wholemodule;
				SWIFT_OPTIMIZATION_LEVEL = "-O";
				VALIDATE_PRODUCT = YES;
			};
			name = Release;
		};
		23EA35DE22C1DA48008CD58D /* Debug */ = {
			isa = XCBuildConfiguration;
			buildSettings = {
				ASSETCATALOG_COMPILER_APPICON_NAME = AppIcon;
				CODE_SIGN_STYLE = Automatic;
				DEVELOPMENT_TEAM = 3Z2FQ8D579;
				INFOPLIST_FILE = "SwiftyPrint(Log)DemoJun2519/Info.plist";
				LD_RUNPATH_SEARCH_PATHS = (
					"$(inherited)",
					"@executable_path/Frameworks",
				);
				OTHER_CFLAGS = (
					"-D",
					DEBUG,
				);
				PRODUCT_BUNDLE_IDENTIFIER = "com.mycreationsiOS.SwiftyPrint-Log-DemoJun2519";
				PRODUCT_NAME = "$(TARGET_NAME)";
				SWIFT_VERSION = 5.0;
				TARGETED_DEVICE_FAMILY = "1,2";
			};
			name = Debug;
		};
		23EA35DF22C1DA48008CD58D /* Release */ = {
			isa = XCBuildConfiguration;
			buildSettings = {
				ASSETCATALOG_COMPILER_APPICON_NAME = AppIcon;
				CODE_SIGN_STYLE = Automatic;
				DEVELOPMENT_TEAM = 3Z2FQ8D579;
				INFOPLIST_FILE = "SwiftyPrint(Log)DemoJun2519/Info.plist";
				LD_RUNPATH_SEARCH_PATHS = (
					"$(inherited)",
					"@executable_path/Frameworks",
				);
				PRODUCT_BUNDLE_IDENTIFIER = "com.mycreationsiOS.SwiftyPrint-Log-DemoJun2519";
				PRODUCT_NAME = "$(TARGET_NAME)";
				SWIFT_VERSION = 5.0;
				TARGETED_DEVICE_FAMILY = "1,2";
			};
			name = Release;
		};
		23EA35E122C1DA48008CD58D /* Debug */ = {
			isa = XCBuildConfiguration;
			buildSettings = {
				ALWAYS_EMBED_SWIFT_STANDARD_LIBRARIES = YES;
				BUNDLE_LOADER = "$(TEST_HOST)";
				CODE_SIGN_STYLE = Automatic;
				DEVELOPMENT_TEAM = 3Z2FQ8D579;
				INFOPLIST_FILE = "SwiftyPrint(Log)DemoJun2519Tests/Info.plist";
				LD_RUNPATH_SEARCH_PATHS = (
					"$(inherited)",
					"@executable_path/Frameworks",
					"@loader_path/Frameworks",
				);
				PRODUCT_BUNDLE_IDENTIFIER = "com.mycreationsiOS.SwiftyPrint-Log-DemoJun2519Tests";
				PRODUCT_NAME = "$(TARGET_NAME)";
				SWIFT_VERSION = 5.0;
				TARGETED_DEVICE_FAMILY = "1,2";
				TEST_HOST = "$(BUILT_PRODUCTS_DIR)/SwiftyPrint(Log)DemoJun2519.app/SwiftyPrint(Log)DemoJun2519";
			};
			name = Debug;
		};
		23EA35E222C1DA48008CD58D /* Release */ = {
			isa = XCBuildConfiguration;
			buildSettings = {
				ALWAYS_EMBED_SWIFT_STANDARD_LIBRARIES = YES;
				BUNDLE_LOADER = "$(TEST_HOST)";
				CODE_SIGN_STYLE = Automatic;
				DEVELOPMENT_TEAM = 3Z2FQ8D579;
				INFOPLIST_FILE = "SwiftyPrint(Log)DemoJun2519Tests/Info.plist";
				LD_RUNPATH_SEARCH_PATHS = (
					"$(inherited)",
					"@executable_path/Frameworks",
					"@loader_path/Frameworks",
				);
				PRODUCT_BUNDLE_IDENTIFIER = "com.mycreationsiOS.SwiftyPrint-Log-DemoJun2519Tests";
				PRODUCT_NAME = "$(TARGET_NAME)";
				SWIFT_VERSION = 5.0;
				TARGETED_DEVICE_FAMILY = "1,2";
				TEST_HOST = "$(BUILT_PRODUCTS_DIR)/SwiftyPrint(Log)DemoJun2519.app/SwiftyPrint(Log)DemoJun2519";
			};
			name = Release;
		};
		23EA35E422C1DA48008CD58D /* Debug */ = {
			isa = XCBuildConfiguration;
			buildSettings = {
				ALWAYS_EMBED_SWIFT_STANDARD_LIBRARIES = YES;
				CODE_SIGN_STYLE = Automatic;
				DEVELOPMENT_TEAM = 3Z2FQ8D579;
				INFOPLIST_FILE = "SwiftyPrint(Log)DemoJun2519UITests/Info.plist";
				LD_RUNPATH_SEARCH_PATHS = (
					"$(inherited)",
					"@executable_path/Frameworks",
					"@loader_path/Frameworks",
				);
				PRODUCT_BUNDLE_IDENTIFIER = "com.mycreationsiOS.SwiftyPrint-Log-DemoJun2519UITests";
				PRODUCT_NAME = "$(TARGET_NAME)";
				SWIFT_VERSION = 5.0;
				TARGETED_DEVICE_FAMILY = "1,2";
				TEST_TARGET_NAME = "SwiftyPrint(Log)DemoJun2519";
			};
			name = Debug;
		};
		23EA35E522C1DA48008CD58D /* Release */ = {
			isa = XCBuildConfiguration;
			buildSettings = {
				ALWAYS_EMBED_SWIFT_STANDARD_LIBRARIES = YES;
				CODE_SIGN_STYLE = Automatic;
				DEVELOPMENT_TEAM = 3Z2FQ8D579;
				INFOPLIST_FILE = "SwiftyPrint(Log)DemoJun2519UITests/Info.plist";
				LD_RUNPATH_SEARCH_PATHS = (
					"$(inherited)",
					"@executable_path/Frameworks",
					"@loader_path/Frameworks",
				);
				PRODUCT_BUNDLE_IDENTIFIER = "com.mycreationsiOS.SwiftyPrint-Log-DemoJun2519UITests";
				PRODUCT_NAME = "$(TARGET_NAME)";
				SWIFT_VERSION = 5.0;
				TARGETED_DEVICE_FAMILY = "1,2";
				TEST_TARGET_NAME = "SwiftyPrint(Log)DemoJun2519";
			};
			name = Release;
		};
/* End XCBuildConfiguration section */

/* Begin XCConfigurationList section */
		23EA35B022C1DA46008CD58D /* Build configuration list for PBXProject "SwiftyPrint(Log)DemoJun2519" */ = {
			isa = XCConfigurationList;
			buildConfigurations = (
				23EA35DB22C1DA48008CD58D /* Debug */,
				23EA35DC22C1DA48008CD58D /* Release */,
			);
			defaultConfigurationIsVisible = 0;
			defaultConfigurationName = Release;
		};
		23EA35DD22C1DA48008CD58D /* Build configuration list for PBXNativeTarget "SwiftyPrint(Log)DemoJun2519" */ = {
			isa = XCConfigurationList;
			buildConfigurations = (
				23EA35DE22C1DA48008CD58D /* Debug */,
				23EA35DF22C1DA48008CD58D /* Release */,
			);
			defaultConfigurationIsVisible = 0;
			defaultConfigurationName = Release;
		};
		23EA35E022C1DA48008CD58D /* Build configuration list for PBXNativeTarget "SwiftyPrint(Log)DemoJun2519Tests" */ = {
			isa = XCConfigurationList;
			buildConfigurations = (
				23EA35E122C1DA48008CD58D /* Debug */,
				23EA35E222C1DA48008CD58D /* Release */,
			);
			defaultConfigurationIsVisible = 0;
			defaultConfigurationName = Release;
		};
		23EA35E322C1DA48008CD58D /* Build configuration list for PBXNativeTarget "SwiftyPrint(Log)DemoJun2519UITests" */ = {
			isa = XCConfigurationList;
			buildConfigurations = (
				23EA35E422C1DA48008CD58D /* Debug */,
				23EA35E522C1DA48008CD58D /* Release */,
			);
			defaultConfigurationIsVisible = 0;
			defaultConfigurationName = Release;
		};
/* End XCConfigurationList section */
	};
	rootObject = 23EA35AD22C1DA46008CD58D /* Project object */;
}
