// !$*UTF8*$!
{
	archiveVersion = 1;
	classes = {
	};
	objectVersion = 50;
	objects = {

/* Begin PBXBuildFile section */
		23F66BBB20CD039B00F628DD /* AppDelegate.swift in Sources */ = {isa = PBXBuildFile; fileRef = 23F66BBA20CD039B00F628DD /* AppDelegate.swift */; };
		23F66BBD20CD039B00F628DD /* ViewController.swift in Sources */ = {isa = PBXBuildFile; fileRef = 23F66BBC20CD039B00F628DD /* ViewController.swift */; };
		23F66BC020CD039B00F628DD /* Main.storyboard in Resources */ = {isa = PBXBuildFile; fileRef = 23F66BBE20CD039B00F628DD /* Main.storyboard */; };
		23F66BC220CD039C00F628DD /* Assets.xcassets in Resources */ = {isa = PBXBuildFile; fileRef = 23F66BC120CD039C00F628DD /* Assets.xcassets */; };
		23F66BC520CD039C00F628DD /* LaunchScreen.storyboard in Resources */ = {isa = PBXBuildFile; fileRef = 23F66BC320CD039C00F628DD /* LaunchScreen.storyboard */; };
		23F66BD020CD039C00F628DD /* GestureTests.swift in Sources */ = {isa = PBXBuildFile; fileRef = 23F66BCF20CD039C00F628DD /* GestureTests.swift */; };
		23F66BDB20CD039C00F628DD /* GestureUITests.swift in Sources */ = {isa = PBXBuildFile; fileRef = 23F66BDA20CD039C00F628DD /* GestureUITests.swift */; };
/* End PBXBuildFile section */

/* Begin PBXContainerItemProxy section */
		23F66BCC20CD039C00F628DD /* PBXContainerItemProxy */ = {
			isa = PBXContainerItemProxy;
			containerPortal = 23F66BAF20CD039B00F628DD /* Project object */;
			proxyType = 1;
			remoteGlobalIDString = 23F66BB620CD039B00F628DD;
			remoteInfo = Gesture;
		};
		23F66BD720CD039C00F628DD /* PBXContainerItemProxy */ = {
			isa = PBXContainerItemProxy;
			containerPortal = 23F66BAF20CD039B00F628DD /* Project object */;
			proxyType = 1;
			remoteGlobalIDString = 23F66BB620CD039B00F628DD;
			remoteInfo = Gesture;
		};
/* End PBXContainerItemProxy section */

/* Begin PBXFileReference section */
		23F66BB720CD039B00F628DD /* Gesture.app */ = {isa = PBXFileReference; explicitFileType = wrapper.application; includeInIndex = 0; path = Gesture.app; sourceTree = BUILT_PRODUCTS_DIR; };
		23F66BBA20CD039B00F628DD /* AppDelegate.swift */ = {isa = PBXFileReference; lastKnownFileType = sourcecode.swift; path = AppDelegate.swift; sourceTree = "<group>"; };
		23F66BBC20CD039B00F628DD /* ViewController.swift */ = {isa = PBXFileReference; lastKnownFileType = sourcecode.swift; path = ViewController.swift; sourceTree = "<group>"; };
		23F66BBF20CD039B00F628DD /* Base */ = {isa = PBXFileReference; lastKnownFileType = file.storyboard; name = Base; path = Base.lproj/Main.storyboard; sourceTree = "<group>"; };
		23F66BC120CD039C00F628DD /* Assets.xcassets */ = {isa = PBXFileReference; lastKnownFileType = folder.assetcatalog; path = Assets.xcassets; sourceTree = "<group>"; };
		23F66BC420CD039C00F628DD /* Base */ = {isa = PBXFileReference; lastKnownFileType = file.storyboard; name = Base; path = Base.lproj/LaunchScreen.storyboard; sourceTree = "<group>"; };
		23F66BC620CD039C00F628DD /* Info.plist */ = {isa = PBXFileReference; lastKnownFileType = text.plist.xml; path = Info.plist; sourceTree = "<group>"; };
		23F66BCB20CD039C00F628DD /* GestureTests.xctest */ = {isa = PBXFileReference; explicitFileType = wrapper.cfbundle; includeInIndex = 0; path = GestureTests.xctest; sourceTree = BUILT_PRODUCTS_DIR; };
		23F66BCF20CD039C00F628DD /* GestureTests.swift */ = {isa = PBXFileReference; lastKnownFileType = sourcecode.swift; path = GestureTests.swift; sourceTree = "<group>"; };
		23F66BD120CD039C00F628DD /* Info.plist */ = {isa = PBXFileReference; lastKnownFileType = text.plist.xml; path = Info.plist; sourceTree = "<group>"; };
		23F66BD620CD039C00F628DD /* GestureUITests.xctest */ = {isa = PBXFileReference; explicitFileType = wrapper.cfbundle; includeInIndex = 0; path = GestureUITests.xctest; sourceTree = BUILT_PRODUCTS_DIR; };
		23F66BDA20CD039C00F628DD /* GestureUITests.swift */ = {isa = PBXFileReference; lastKnownFileType = sourcecode.swift; path = GestureUITests.swift; sourceTree = "<group>"; };
		23F66BDC20CD039C00F628DD /* Info.plist */ = {isa = PBXFileReference; lastKnownFileType = text.plist.xml; path = Info.plist; sourceTree = "<group>"; };
/* End PBXFileReference section */

/* Begin PBXFrameworksBuildPhase section */
		23F66BB420CD039B00F628DD /* Frameworks */ = {
			isa = PBXFrameworksBuildPhase;
			buildActionMask = 2147483647;
			files = (
			);
			runOnlyForDeploymentPostprocessing = 0;
		};
		23F66BC820CD039C00F628DD /* Frameworks */ = {
			isa = PBXFrameworksBuildPhase;
			buildActionMask = 2147483647;
			files = (
			);
			runOnlyForDeploymentPostprocessing = 0;
		};
		23F66BD320CD039C00F628DD /* Frameworks */ = {
			isa = PBXFrameworksBuildPhase;
			buildActionMask = 2147483647;
			files = (
			);
			runOnlyForDeploymentPostprocessing = 0;
		};
/* End PBXFrameworksBuildPhase section */

/* Begin PBXGroup section */
		23F66BAE20CD039B00F628DD = {
			isa = PBXGroup;
			children = (
				23F66BB920CD039B00F628DD /* Gesture */,
				23F66BCE20CD039C00F628DD /* GestureTests */,
				23F66BD920CD039C00F628DD /* GestureUITests */,
				23F66BB820CD039B00F628DD /* Products */,
			);
			sourceTree = "<group>";
		};
		23F66BB820CD039B00F628DD /* Products */ = {
			isa = PBXGroup;
			children = (
				23F66BB720CD039B00F628DD /* Gesture.app */,
				23F66BCB20CD039C00F628DD /* GestureTests.xctest */,
				23F66BD620CD039C00F628DD /* GestureUITests.xctest */,
			);
			name = Products;
			sourceTree = "<group>";
		};
		23F66BB920CD039B00F628DD /* Gesture */ = {
			isa = PBXGroup;
			children = (
				23F66BBA20CD039B00F628DD /* AppDelegate.swift */,
				23F66BBC20CD039B00F628DD /* ViewController.swift */,
				23F66BBE20CD039B00F628DD /* Main.storyboard */,
				23F66BC120CD039C00F628DD /* Assets.xcassets */,
				23F66BC320CD039C00F628DD /* LaunchScreen.storyboard */,
				23F66BC620CD039C00F628DD /* Info.plist */,
			);
			path = Gesture;
			sourceTree = "<group>";
		};
		23F66BCE20CD039C00F628DD /* GestureTests */ = {
			isa = PBXGroup;
			children = (
				23F66BCF20CD039C00F628DD /* GestureTests.swift */,
				23F66BD120CD039C00F628DD /* Info.plist */,
			);
			path = GestureTests;
			sourceTree = "<group>";
		};
		23F66BD920CD039C00F628DD /* GestureUITests */ = {
			isa = PBXGroup;
			children = (
				23F66BDA20CD039C00F628DD /* GestureUITests.swift */,
				23F66BDC20CD039C00F628DD /* Info.plist */,
			);
			path = GestureUITests;
			sourceTree = "<group>";
		};
/* End PBXGroup section */

/* Begin PBXNativeTarget section */
		23F66BB620CD039B00F628DD /* Gesture */ = {
			isa = PBXNativeTarget;
			buildConfigurationList = 23F66BDF20CD039C00F628DD /* Build configuration list for PBXNativeTarget "Gesture" */;
			buildPhases = (
				23F66BB320CD039B00F628DD /* Sources */,
				23F66BB420CD039B00F628DD /* Frameworks */,
				23F66BB520CD039B00F628DD /* Resources */,
			);
			buildRules = (
			);
			dependencies = (
			);
			name = Gesture;
			productName = Gesture;
			productReference = 23F66BB720CD039B00F628DD /* Gesture.app */;
			productType = "com.apple.product-type.application";
		};
		23F66BCA20CD039C00F628DD /* GestureTests */ = {
			isa = PBXNativeTarget;
			buildConfigurationList = 23F66BE220CD039C00F628DD /* Build configuration list for PBXNativeTarget "GestureTests" */;
			buildPhases = (
				23F66BC720CD039C00F628DD /* Sources */,
				23F66BC820CD039C00F628DD /* Frameworks */,
				23F66BC920CD039C00F628DD /* Resources */,
			);
			buildRules = (
			);
			dependencies = (
				23F66BCD20CD039C00F628DD /* PBXTargetDependency */,
			);
			name = GestureTests;
			productName = GestureTests;
			productReference = 23F66BCB20CD039C00F628DD /* GestureTests.xctest */;
			productType = "com.apple.product-type.bundle.unit-test";
		};
		23F66BD520CD039C00F628DD /* GestureUITests */ = {
			isa = PBXNativeTarget;
			buildConfigurationList = 23F66BE520CD039C00F628DD /* Build configuration list for PBXNativeTarget "GestureUITests" */;
			buildPhases = (
				23F66BD220CD039C00F628DD /* Sources */,
				23F66BD320CD039C00F628DD /* Frameworks */,
				23F66BD420CD039C00F628DD /* Resources */,
			);
			buildRules = (
			);
			dependencies = (
				23F66BD820CD039C00F628DD /* PBXTargetDependency */,
			);
			name = GestureUITests;
			productName = GestureUITests;
			productReference = 23F66BD620CD039C00F628DD /* GestureUITests.xctest */;
			productType = "com.apple.product-type.bundle.ui-testing";
		};
/* End PBXNativeTarget section */

/* Begin PBXProject section */
		23F66BAF20CD039B00F628DD /* Project object */ = {
			isa = PBXProject;
			attributes = {
				LastSwiftUpdateCheck = 0940;
				LastUpgradeCheck = 0940;
				ORGANIZATIONNAME = "Zin Lin Htet Naing";
				TargetAttributes = {
					23F66BB620CD039B00F628DD = {
						CreatedOnToolsVersion = 9.4;
					};
					23F66BCA20CD039C00F628DD = {
						CreatedOnToolsVersion = 9.4;
						TestTargetID = 23F66BB620CD039B00F628DD;
					};
					23F66BD520CD039C00F628DD = {
						CreatedOnToolsVersion = 9.4;
						TestTargetID = 23F66BB620CD039B00F628DD;
					};
				};
			};
			buildConfigurationList = 23F66BB220CD039B00F628DD /* Build configuration list for PBXProject "Gesture" */;
			compatibilityVersion = "Xcode 9.3";
			developmentRegion = en;
			hasScannedForEncodings = 0;
			knownRegions = (
				en,
				Base,
			);
			mainGroup = 23F66BAE20CD039B00F628DD;
			productRefGroup = 23F66BB820CD039B00F628DD /* Products */;
			projectDirPath = "";
			projectRoot = "";
			targets = (
				23F66BB620CD039B00F628DD /* Gesture */,
				23F66BCA20CD039C00F628DD /* GestureTests */,
				23F66BD520CD039C00F628DD /* GestureUITests */,
			);
		};
/* End PBXProject section */

/* Begin PBXResourcesBuildPhase section */
		23F66BB520CD039B00F628DD /* Resources */ = {
			isa = PBXResourcesBuildPhase;
			buildActionMask = 2147483647;
			files = (
				23F66BC520CD039C00F628DD /* LaunchScreen.storyboard in Resources */,
				23F66BC220CD039C00F628DD /* Assets.xcassets in Resources */,
				23F66BC020CD039B00F628DD /* Main.storyboard in Resources */,
			);
			runOnlyForDeploymentPostprocessing = 0;
		};
		23F66BC920CD039C00F628DD /* Resources */ = {
			isa = PBXResourcesBuildPhase;
			buildActionMask = 2147483647;
			files = (
			);
			runOnlyForDeploymentPostprocessing = 0;
		};
		23F66BD420CD039C00F628DD /* Resources */ = {
			isa = PBXResourcesBuildPhase;
			buildActionMask = 2147483647;
			files = (
			);
			runOnlyForDeploymentPostprocessing = 0;
		};
/* End PBXResourcesBuildPhase section */

/* Begin PBXSourcesBuildPhase section */
		23F66BB320CD039B00F628DD /* Sources */ = {
			isa = PBXSourcesBuildPhase;
			buildActionMask = 2147483647;
			files = (
				23F66BBD20CD039B00F628DD /* ViewController.swift in Sources */,
				23F66BBB20CD039B00F628DD /* AppDelegate.swift in Sources */,
			);
			runOnlyForDeploymentPostprocessing = 0;
		};
		23F66BC720CD039C00F628DD /* Sources */ = {
			isa = PBXSourcesBuildPhase;
			buildActionMask = 2147483647;
			files = (
				23F66BD020CD039C00F628DD /* GestureTests.swift in Sources */,
			);
			runOnlyForDeploymentPostprocessing = 0;
		};
		23F66BD220CD039C00F628DD /* Sources */ = {
			isa = PBXSourcesBuildPhase;
			buildActionMask = 2147483647;
			files = (
				23F66BDB20CD039C00F628DD /* GestureUITests.swift in Sources */,
			);
			runOnlyForDeploymentPostprocessing = 0;
		};
/* End PBXSourcesBuildPhase section */

/* Begin PBXTargetDependency section */
		23F66BCD20CD039C00F628DD /* PBXTargetDependency */ = {
			isa = PBXTargetDependency;
			target = 23F66BB620CD039B00F628DD /* Gesture */;
			targetProxy = 23F66BCC20CD039C00F628DD /* PBXContainerItemProxy */;
		};
		23F66BD820CD039C00F628DD /* PBXTargetDependency */ = {
			isa = PBXTargetDependency;
			target = 23F66BB620CD039B00F628DD /* Gesture */;
			targetProxy = 23F66BD720CD039C00F628DD /* PBXContainerItemProxy */;
		};
/* End PBXTargetDependency section */

/* Begin PBXVariantGroup section */
		23F66BBE20CD039B00F628DD /* Main.storyboard */ = {
			isa = PBXVariantGroup;
			children = (
				23F66BBF20CD039B00F628DD /* Base */,
			);
			name = Main.storyboard;
			sourceTree = "<group>";
		};
		23F66BC320CD039C00F628DD /* LaunchScreen.storyboard */ = {
			isa = PBXVariantGroup;
			children = (
				23F66BC420CD039C00F628DD /* Base */,
			);
			name = LaunchScreen.storyboard;
			sourceTree = "<group>";
		};
/* End PBXVariantGroup section */

/* Begin XCBuildConfiguration section */
		23F66BDD20CD039C00F628DD /* Debug */ = {
			isa = XCBuildConfiguration;
			buildSettings = {
				ALWAYS_SEARCH_USER_PATHS = NO;
				CLANG_ANALYZER_NONNULL = YES;
				CLANG_ANALYZER_NUMBER_OBJECT_CONVERSION = YES_AGGRESSIVE;
				CLANG_CXX_LANGUAGE_STANDARD = "gnu++14";
				CLANG_CXX_LIBRARY = "libc++";
				CLANG_ENABLE_MODULES = YES;
				CLANG_ENABLE_OBJC_ARC = YES;
				CLANG_ENABLE_OBJC_WEAK = YES;
				CLANG_WARN_BLOCK_CAPTURE_AUTORELEASING = YES;
				CLANG_WARN_BOOL_CONVERSION = YES;
				CLANG_WARN_COMMA = YES;
				CLANG_WARN_CONSTANT_CONVERSION = YES;
				CLANG_WARN_DEPRECATED_OBJC_IMPLEMENTATIONS = YES;
				CLANG_WARN_DIRECT_OBJC_ISA_USAGE = YES_ERROR;
				CLANG_WARN_DOCUMENTATION_COMMENTS = YES;
				CLANG_WARN_EMPTY_BODY = YES;
				CLANG_WARN_ENUM_CONVERSION = YES;
				CLANG_WARN_INFINITE_RECURSION = YES;
				CLANG_WARN_INT_CONVERSION = YES;
				CLANG_WARN_NON_LITERAL_NULL_CONVERSION = YES;
				CLANG_WARN_OBJC_IMPLICIT_RETAIN_SELF = YES;
				CLANG_WARN_OBJC_LITERAL_CONVERSION = YES;
				CLANG_WARN_OBJC_ROOT_CLASS = YES_ERROR;
				CLANG_WARN_RANGE_LOOP_ANALYSIS = YES;
				CLANG_WARN_STRICT_PROTOTYPES = YES;
				CLANG_WARN_SUSPICIOUS_MOVE = YES;
				CLANG_WARN_UNGUARDED_AVAILABILITY = YES_AGGRESSIVE;
				CLANG_WARN_UNREACHABLE_CODE = YES;
				CLANG_WARN__DUPLICATE_METHOD_MATCH = YES;
				CODE_SIGN_IDENTITY = "iPhone Developer";
				COPY_PHASE_STRIP = NO;
				DEBUG_INFORMATION_FORMAT = dwarf;
				ENABLE_STRICT_OBJC_MSGSEND = YES;
				ENABLE_TESTABILITY = YES;
				GCC_C_LANGUAGE_STANDARD = gnu11;
				GCC_DYNAMIC_NO_PIC = NO;
				GCC_NO_COMMON_BLOCKS = YES;
				GCC_OPTIMIZATION_LEVEL = 0;
				GCC_PREPROCESSOR_DEFINITIONS = (
					"DEBUG=1",
					"$(inherited)",
				);
				GCC_WARN_64_TO_32_BIT_CONVERSION = YES;
				GCC_WARN_ABOUT_RETURN_TYPE = YES_ERROR;
				GCC_WARN_UNDECLARED_SELECTOR = YES;
				GCC_WARN_UNINITIALIZED_AUTOS = YES_AGGRESSIVE;
				GCC_WARN_UNUSED_FUNCTION = YES;
				GCC_WARN_UNUSED_VARIABLE = YES;
				IPHONEOS_DEPLOYMENT_TARGET = 11.4;
				MTL_ENABLE_DEBUG_INFO = YES;
				ONLY_ACTIVE_ARCH = YES;
				SDKROOT = iphoneos;
				SWIFT_ACTIVE_COMPILATION_CONDITIONS = DEBUG;
				SWIFT_OPTIMIZATION_LEVEL = "-Onone";
			};
			name = Debug;
		};
		23F66BDE20CD039C00F628DD /* Release */ = {
			isa = XCBuildConfiguration;
			buildSettings = {
				ALWAYS_SEARCH_USER_PATHS = NO;
				CLANG_ANALYZER_NONNULL = YES;
				CLANG_ANALYZER_NUMBER_OBJECT_CONVERSION = YES_AGGRESSIVE;
				CLANG_CXX_LANGUAGE_STANDARD = "gnu++14";
				CLANG_CXX_LIBRARY = "libc++";
				CLANG_ENABLE_MODULES = YES;
				CLANG_ENABLE_OBJC_ARC = YES;
				CLANG_ENABLE_OBJC_WEAK = YES;
				CLANG_WARN_BLOCK_CAPTURE_AUTORELEASING = YES;
				CLANG_WARN_BOOL_CONVERSION = YES;
				CLANG_WARN_COMMA = YES;
				CLANG_WARN_CONSTANT_CONVERSION = YES;
				CLANG_WARN_DEPRECATED_OBJC_IMPLEMENTATIONS = YES;
				CLANG_WARN_DIRECT_OBJC_ISA_USAGE = YES_ERROR;
				CLANG_WARN_DOCUMENTATION_COMMENTS = YES;
				CLANG_WARN_EMPTY_BODY = YES;
				CLANG_WARN_ENUM_CONVERSION = YES;
				CLANG_WARN_INFINITE_RECURSION = YES;
				CLANG_WARN_INT_CONVERSION = YES;
				CLANG_WARN_NON_LITERAL_NULL_CONVERSION = YES;
				CLANG_WARN_OBJC_IMPLICIT_RETAIN_SELF = YES;
				CLANG_WARN_OBJC_LITERAL_CONVERSION = YES;
				CLANG_WARN_OBJC_ROOT_CLASS = YES_ERROR;
				CLANG_WARN_RANGE_LOOP_ANALYSIS = YES;
				CLANG_WARN_STRICT_PROTOTYPES = YES;
				CLANG_WARN_SUSPICIOUS_MOVE = YES;
				CLANG_WARN_UNGUARDED_AVAILABILITY = YES_AGGRESSIVE;
				CLANG_WARN_UNREACHABLE_CODE = YES;
				CLANG_WARN__DUPLICATE_METHOD_MATCH = YES;
				CODE_SIGN_IDENTITY = "iPhone Developer";
				COPY_PHASE_STRIP = NO;
				DEBUG_INFORMATION_FORMAT = "dwarf-with-dsym";
				ENABLE_NS_ASSERTIONS = NO;
				ENABLE_STRICT_OBJC_MSGSEND = YES;
				GCC_C_LANGUAGE_STANDARD = gnu11;
				GCC_NO_COMMON_BLOCKS = YES;
				GCC_WARN_64_TO_32_BIT_CONVERSION = YES;
				GCC_WARN_ABOUT_RETURN_TYPE = YES_ERROR;
				GCC_WARN_UNDECLARED_SELECTOR = YES;
				GCC_WARN_UNINITIALIZED_AUTOS = YES_AGGRESSIVE;
				GCC_WARN_UNUSED_FUNCTION = YES;
				GCC_WARN_UNUSED_VARIABLE = YES;
				IPHONEOS_DEPLOYMENT_TARGET = 11.4;
				MTL_ENABLE_DEBUG_INFO = NO;
				SDKROOT = iphoneos;
				SWIFT_COMPILATION_MODE = wholemodule;
				SWIFT_OPTIMIZATION_LEVEL = "-O";
				VALIDATE_PRODUCT = YES;
			};
			name = Release;
		};
		23F66BE020CD039C00F628DD /* Debug */ = {
			isa = XCBuildConfiguration;
			buildSettings = {
				ASSETCATALOG_COMPILER_APPICON_NAME = AppIcon;
				CODE_SIGN_STYLE = Automatic;
				DEVELOPMENT_TEAM = 44YA49F57M;
				INFOPLIST_FILE = Gesture/Info.plist;
				LD_RUNPATH_SEARCH_PATHS = (
					"$(inherited)",
					"@executable_path/Frameworks",
				);
				PRODUCT_BUNDLE_IDENTIFIER = com.Techplus.Gesture;
				PRODUCT_NAME = "$(TARGET_NAME)";
				SWIFT_VERSION = 4.0;
				TARGETED_DEVICE_FAMILY = "1,2";
			};
			name = Debug;
		};
		23F66BE120CD039C00F628DD /* Release */ = {
			isa = XCBuildConfiguration;
			buildSettings = {
				ASSETCATALOG_COMPILER_APPICON_NAME = AppIcon;
				CODE_SIGN_STYLE = Automatic;
				DEVELOPMENT_TEAM = 44YA49F57M;
				INFOPLIST_FILE = Gesture/Info.plist;
				LD_RUNPATH_SEARCH_PATHS = (
					"$(inherited)",
					"@executable_path/Frameworks",
				);
				PRODUCT_BUNDLE_IDENTIFIER = com.Techplus.Gesture;
				PRODUCT_NAME = "$(TARGET_NAME)";
				SWIFT_VERSION = 4.0;
				TARGETED_DEVICE_FAMILY = "1,2";
			};
			name = Release;
		};
		23F66BE320CD039C00F628DD /* Debug */ = {
			isa = XCBuildConfiguration;
			buildSettings = {
				ALWAYS_EMBED_SWIFT_STANDARD_LIBRARIES = YES;
				BUNDLE_LOADER = "$(TEST_HOST)";
				CODE_SIGN_STYLE = Automatic;
				DEVELOPMENT_TEAM = 44YA49F57M;
				INFOPLIST_FILE = GestureTests/Info.plist;
				LD_RUNPATH_SEARCH_PATHS = (
					"$(inherited)",
					"@executable_path/Frameworks",
					"@loader_path/Frameworks",
				);
				PRODUCT_BUNDLE_IDENTIFIER = com.Techplus.GestureTests;
				PRODUCT_NAME = "$(TARGET_NAME)";
				SWIFT_VERSION = 4.0;
				TARGETED_DEVICE_FAMILY = "1,2";
				TEST_HOST = "$(BUILT_PRODUCTS_DIR)/Gesture.app/Gesture";
			};
			name = Debug;
		};
		23F66BE420CD039C00F628DD /* Release */ = {
			isa = XCBuildConfiguration;
			buildSettings = {
				ALWAYS_EMBED_SWIFT_STANDARD_LIBRARIES = YES;
				BUNDLE_LOADER = "$(TEST_HOST)";
				CODE_SIGN_STYLE = Automatic;
				DEVELOPMENT_TEAM = 44YA49F57M;
				INFOPLIST_FILE = GestureTests/Info.plist;
				LD_RUNPATH_SEARCH_PATHS = (
					"$(inherited)",
					"@executable_path/Frameworks",
					"@loader_path/Frameworks",
				);
				PRODUCT_BUNDLE_IDENTIFIER = com.Techplus.GestureTests;
				PRODUCT_NAME = "$(TARGET_NAME)";
				SWIFT_VERSION = 4.0;
				TARGETED_DEVICE_FAMILY = "1,2";
				TEST_HOST = "$(BUILT_PRODUCTS_DIR)/Gesture.app/Gesture";
			};
			name = Release;
		};
		23F66BE620CD039C00F628DD /* Debug */ = {
			isa = XCBuildConfiguration;
			buildSettings = {
				ALWAYS_EMBED_SWIFT_STANDARD_LIBRARIES = YES;
				CODE_SIGN_STYLE = Automatic;
				DEVELOPMENT_TEAM = 44YA49F57M;
				INFOPLIST_FILE = GestureUITests/Info.plist;
				LD_RUNPATH_SEARCH_PATHS = (
					"$(inherited)",
					"@executable_path/Frameworks",
					"@loader_path/Frameworks",
				);
				PRODUCT_BUNDLE_IDENTIFIER = com.Techplus.GestureUITests;
				PRODUCT_NAME = "$(TARGET_NAME)";
				SWIFT_VERSION = 4.0;
				TARGETED_DEVICE_FAMILY = "1,2";
				TEST_TARGET_NAME = Gesture;
			};
			name = Debug;
		};
		23F66BE720CD039C00F628DD /* Release */ = {
			isa = XCBuildConfiguration;
			buildSettings = {
				ALWAYS_EMBED_SWIFT_STANDARD_LIBRARIES = YES;
				CODE_SIGN_STYLE = Automatic;
				DEVELOPMENT_TEAM = 44YA49F57M;
				INFOPLIST_FILE = GestureUITests/Info.plist;
				LD_RUNPATH_SEARCH_PATHS = (
					"$(inherited)",
					"@executable_path/Frameworks",
					"@loader_path/Frameworks",
				);
				PRODUCT_BUNDLE_IDENTIFIER = com.Techplus.GestureUITests;
				PRODUCT_NAME = "$(TARGET_NAME)";
				SWIFT_VERSION = 4.0;
				TARGETED_DEVICE_FAMILY = "1,2";
				TEST_TARGET_NAME = Gesture;
			};
			name = Release;
		};
/* End XCBuildConfiguration section */

/* Begin XCConfigurationList section */
		23F66BB220CD039B00F628DD /* Build configuration list for PBXProject "Gesture" */ = {
			isa = XCConfigurationList;
			buildConfigurations = (
				23F66BDD20CD039C00F628DD /* Debug */,
				23F66BDE20CD039C00F628DD /* Release */,
			);
			defaultConfigurationIsVisible = 0;
			defaultConfigurationName = Release;
		};
		23F66BDF20CD039C00F628DD /* Build configuration list for PBXNativeTarget "Gesture" */ = {
			isa = XCConfigurationList;
			buildConfigurations = (
				23F66BE020CD039C00F628DD /* Debug */,
				23F66BE120CD039C00F628DD /* Release */,
			);
			defaultConfigurationIsVisible = 0;
			defaultConfigurationName = Release;
		};
		23F66BE220CD039C00F628DD /* Build configuration list for PBXNativeTarget "GestureTests" */ = {
			isa = XCConfigurationList;
			buildConfigurations = (
				23F66BE320CD039C00F628DD /* Debug */,
				23F66BE420CD039C00F628DD /* Release */,
			);
			defaultConfigurationIsVisible = 0;
			defaultConfigurationName = Release;
		};
		23F66BE520CD039C00F628DD /* Build configuration list for PBXNativeTarget "GestureUITests" */ = {
			isa = XCConfigurationList;
			buildConfigurations = (
				23F66BE620CD039C00F628DD /* Debug */,
				23F66BE720CD039C00F628DD /* Release */,
			);
			defaultConfigurationIsVisible = 0;
			defaultConfigurationName = Release;
		};
/* End XCConfigurationList section */
	};
	rootObject = 23F66BAF20CD039B00F628DD /* Project object */;
}
